// !$*UTF8*$!
{
	archiveVersion = 1;
	classes = {
	};
	objectVersion = 55;
	objects = {

/* Begin PBXBuildFile section */
		61D73C8110AE141D057D3229 /* Pods_Miramax_Fillms.framework in Frameworks */ = {isa = PBXBuildFile; fileRef = 2C90E95A357C070699EC3983 /* Pods_Miramax_Fillms.framework */; };
		ED1F03AD28EC92360083B088 /* EntertainmentsResponseRoute.swift in Sources */ = {isa = PBXBuildFile; fileRef = ED1F03AC28EC92360083B088 /* EntertainmentsResponseRoute.swift */; };
		ED5BA6A028EB19830030F4B0 /* EntertainmentRankTableViewCell.swift in Sources */ = {isa = PBXBuildFile; fileRef = ED5BA69F28EB19830030F4B0 /* EntertainmentRankTableViewCell.swift */; };
		ED7A095328EC71370035E099 /* Roboto-Bold.ttf in Resources */ = {isa = PBXBuildFile; fileRef = ED7A094F28EC711D0035E099 /* Roboto-Bold.ttf */; };
		ED7A095428EC71370035E099 /* Roboto-Regular.ttf in Resources */ = {isa = PBXBuildFile; fileRef = ED7A094E28EC711D0035E099 /* Roboto-Regular.ttf */; };
		ED7A095528EC71370035E099 /* Roboto-Medium.ttf in Resources */ = {isa = PBXBuildFile; fileRef = ED7A095028EC711D0035E099 /* Roboto-Medium.ttf */; };
		ED7A095628EC71370035E099 /* Roboto-Black.ttf in Resources */ = {isa = PBXBuildFile; fileRef = ED7A094D28EC711D0035E099 /* Roboto-Black.ttf */; };
		ED7A095728EC71370035E099 /* Roboto-Light.ttf in Resources */ = {isa = PBXBuildFile; fileRef = ED7A095128EC711D0035E099 /* Roboto-Light.ttf */; };
		ED7A095828EC71370035E099 /* Roboto-Thin.ttf in Resources */ = {isa = PBXBuildFile; fileRef = ED7A095228EC711D0035E099 /* Roboto-Thin.ttf */; };
		ED7A096028EC84D80035E099 /* EntertainmentListViewModel.swift in Sources */ = {isa = PBXBuildFile; fileRef = ED7A095C28EC84D80035E099 /* EntertainmentListViewModel.swift */; };
		ED7A096128EC84D80035E099 /* EntertainmentListViewController.xib in Resources */ = {isa = PBXBuildFile; fileRef = ED7A095D28EC84D80035E099 /* EntertainmentListViewController.xib */; };
		ED7A096228EC84D80035E099 /* EntertainmentListCoordinator.swift in Sources */ = {isa = PBXBuildFile; fileRef = ED7A095E28EC84D80035E099 /* EntertainmentListCoordinator.swift */; };
		ED7A096328EC84D80035E099 /* EntertainmentListViewController.swift in Sources */ = {isa = PBXBuildFile; fileRef = ED7A095F28EC84D80035E099 /* EntertainmentListViewController.swift */; };
		ED866E1D28DED76C0066E10B /* PersonDetailsViewController.swift in Sources */ = {isa = PBXBuildFile; fileRef = ED866E1B28DED76C0066E10B /* PersonDetailsViewController.swift */; };
		ED866E1E28DED76C0066E10B /* PersonDetailsViewController.xib in Resources */ = {isa = PBXBuildFile; fileRef = ED866E1C28DED76C0066E10B /* PersonDetailsViewController.xib */; };
		ED866E2028DED7AA0066E10B /* PersonDetailsViewModel.swift in Sources */ = {isa = PBXBuildFile; fileRef = ED866E1F28DED7AA0066E10B /* PersonDetailsViewModel.swift */; };
		ED866E2228DED8030066E10B /* PersonDetailsCoordinator.swift in Sources */ = {isa = PBXBuildFile; fileRef = ED866E2128DED8030066E10B /* PersonDetailsCoordinator.swift */; };
		ED866E4028E01C300066E10B /* PersonBiographyViewController.swift in Sources */ = {isa = PBXBuildFile; fileRef = ED866E3E28E01C300066E10B /* PersonBiographyViewController.swift */; };
		ED866E4128E01C300066E10B /* PersonBiographyViewController.xib in Resources */ = {isa = PBXBuildFile; fileRef = ED866E3F28E01C300066E10B /* PersonBiographyViewController.xib */; };
		ED866E4328E01C390066E10B /* PersonBiographyViewModel.swift in Sources */ = {isa = PBXBuildFile; fileRef = ED866E4228E01C390066E10B /* PersonBiographyViewModel.swift */; };
		ED866E4528E01DF60066E10B /* PersonBiographyCoordinator.swift in Sources */ = {isa = PBXBuildFile; fileRef = ED866E4428E01DF60066E10B /* PersonBiographyCoordinator.swift */; };
		ED866E5C28E09AB60066E10B /* UIImageView+Kingfisher.swift in Sources */ = {isa = PBXBuildFile; fileRef = ED866E5B28E09AB60066E10B /* UIImageView+Kingfisher.swift */; };
		ED86E62228C6369800D60351 /* AppDelegate.swift in Sources */ = {isa = PBXBuildFile; fileRef = ED86E62128C6369800D60351 /* AppDelegate.swift */; };
		ED86E62B28C6369B00D60351 /* Assets.xcassets in Resources */ = {isa = PBXBuildFile; fileRef = ED86E62A28C6369B00D60351 /* Assets.xcassets */; };
		EDA4475B28D41FFC0037751C /* PrimaryButton.swift in Sources */ = {isa = PBXBuildFile; fileRef = EDA4475A28D41FFC0037751C /* PrimaryButton.swift */; };
		EDA4475D28D422320037751C /* MovieHorizontalListCellDelegate.swift in Sources */ = {isa = PBXBuildFile; fileRef = EDA4475C28D422320037751C /* MovieHorizontalListCellDelegate.swift */; };
		EDA4476C28D431DC0037751C /* AppFonts.swift in Sources */ = {isa = PBXBuildFile; fileRef = EDA4476B28D431DC0037751C /* AppFonts.swift */; };
		EDA4476E28D432350037751C /* AppColors.swift in Sources */ = {isa = PBXBuildFile; fileRef = EDA4476D28D432350037751C /* AppColors.swift */; };
		EDA4477E28D58D0E0037751C /* Resolver+resolveOrThrow.swift in Sources */ = {isa = PBXBuildFile; fileRef = EDA4477D28D58D0E0037751C /* Resolver+resolveOrThrow.swift */; };
		EDA4478128D591410037751C /* SectionHeaderView.swift in Sources */ = {isa = PBXBuildFile; fileRef = EDA4478028D591410037751C /* SectionHeaderView.swift */; };
		EDA4478328D59A090037751C /* Constants.swift in Sources */ = {isa = PBXBuildFile; fileRef = EDA4478228D59A090037751C /* Constants.swift */; };
		EDA4478528D59B300037751C /* SectionHeaderViewDelegate.swift in Sources */ = {isa = PBXBuildFile; fileRef = EDA4478428D59B300037751C /* SectionHeaderViewDelegate.swift */; };
		EDA4478D28D5A7640037751C /* AppToolbar.swift in Sources */ = {isa = PBXBuildFile; fileRef = EDA4478C28D5A7640037751C /* AppToolbar.swift */; };
		EDA4478F28D5A7740037751C /* AppToolbarDelegate.swift in Sources */ = {isa = PBXBuildFile; fileRef = EDA4478E28D5A7740037751C /* AppToolbarDelegate.swift */; };
		EDB8780228D8AA720016B96B /* EntertainmentDetailsViewController.swift in Sources */ = {isa = PBXBuildFile; fileRef = EDB8780028D8AA720016B96B /* EntertainmentDetailsViewController.swift */; };
		EDB8780328D8AA720016B96B /* EntertainmentDetailsViewController.xib in Resources */ = {isa = PBXBuildFile; fileRef = EDB8780128D8AA720016B96B /* EntertainmentDetailsViewController.xib */; };
		EDB8780528D8AA7A0016B96B /* EntertainmentDetailsViewModel.swift in Sources */ = {isa = PBXBuildFile; fileRef = EDB8780428D8AA7A0016B96B /* EntertainmentDetailsViewModel.swift */; };
		EDB8780728D8AABB0016B96B /* EntertainmentDetailsCoordinator.swift in Sources */ = {isa = PBXBuildFile; fileRef = EDB8780628D8AABB0016B96B /* EntertainmentDetailsCoordinator.swift */; };
		EDB8781928D8D37C0016B96B /* DataUtils.swift in Sources */ = {isa = PBXBuildFile; fileRef = EDB8781828D8D37C0016B96B /* DataUtils.swift */; };
		EDC502D028D377CC0047C7C3 /* GenreCollectionViewCell.swift in Sources */ = {isa = PBXBuildFile; fileRef = EDC502CF28D377CC0047C7C3 /* GenreCollectionViewCell.swift */; };
		EDC502D328D3867B0047C7C3 /* UIColor+Ext.swift in Sources */ = {isa = PBXBuildFile; fileRef = EDC502D228D3867B0047C7C3 /* UIColor+Ext.swift */; };
		EDC502D528D38C2D0047C7C3 /* Rx+asDriver.swift in Sources */ = {isa = PBXBuildFile; fileRef = EDC502D428D38C2D0047C7C3 /* Rx+asDriver.swift */; };
		EDC502D828D38EDB0047C7C3 /* EntertainmentHorizontalCell.swift in Sources */ = {isa = PBXBuildFile; fileRef = EDC502D728D38EDB0047C7C3 /* EntertainmentHorizontalCell.swift */; };
		EDC502DB28D38FEA0047C7C3 /* MovieHorizontalListCell.swift in Sources */ = {isa = PBXBuildFile; fileRef = EDC502DA28D38FEA0047C7C3 /* MovieHorizontalListCell.swift */; };
		EDC6DB2128CF69DF00164EBD /* BaseViewModel.swift in Sources */ = {isa = PBXBuildFile; fileRef = EDC6DB2028CF69DF00164EBD /* BaseViewModel.swift */; };
		EDC6DB2428CF6A0800164EBD /* ViewModelType.swift in Sources */ = {isa = PBXBuildFile; fileRef = EDC6DB2328CF6A0800164EBD /* ViewModelType.swift */; };
		EDC6DB2728CF6C3300164EBD /* BaseViewController.swift in Sources */ = {isa = PBXBuildFile; fileRef = EDC6DB2628CF6C3300164EBD /* BaseViewController.swift */; };
		EDC6DB2C28CF70F500164EBD /* AppDIContainer.swift in Sources */ = {isa = PBXBuildFile; fileRef = EDC6DB2B28CF70F500164EBD /* AppDIContainer.swift */; };
		EDC6DB2F28CF717600164EBD /* MainNavigationController.swift in Sources */ = {isa = PBXBuildFile; fileRef = EDC6DB2E28CF717600164EBD /* MainNavigationController.swift */; };
		EDC6DB3228CF724A00164EBD /* AppCoordinator.swift in Sources */ = {isa = PBXBuildFile; fileRef = EDC6DB3128CF724A00164EBD /* AppCoordinator.swift */; };
		EDC6DB3628CF759400164EBD /* SplashViewController.swift in Sources */ = {isa = PBXBuildFile; fileRef = EDC6DB3428CF759400164EBD /* SplashViewController.swift */; };
		EDC6DB3728CF759400164EBD /* SplashViewController.xib in Resources */ = {isa = PBXBuildFile; fileRef = EDC6DB3528CF759400164EBD /* SplashViewController.xib */; };
		EDC6DB3928CF764500164EBD /* SplashViewModel.swift in Sources */ = {isa = PBXBuildFile; fileRef = EDC6DB3828CF764500164EBD /* SplashViewModel.swift */; };
		EDC6DB4028CF92DE00164EBD /* HomeCoordinator.swift in Sources */ = {isa = PBXBuildFile; fileRef = EDC6DB3F28CF92DE00164EBD /* HomeCoordinator.swift */; };
		EDC6DB4228CF961700164EBD /* MovieCoordinator.swift in Sources */ = {isa = PBXBuildFile; fileRef = EDC6DB4128CF961700164EBD /* MovieCoordinator.swift */; };
		EDC6DB4628CF98F800164EBD /* MovieViewController.swift in Sources */ = {isa = PBXBuildFile; fileRef = EDC6DB4428CF98F800164EBD /* MovieViewController.swift */; };
		EDC6DB4728CF98F800164EBD /* MovieViewController.xib in Resources */ = {isa = PBXBuildFile; fileRef = EDC6DB4528CF98F800164EBD /* MovieViewController.xib */; };
		EDC6DB4928CF990900164EBD /* MovieViewModel.swift in Sources */ = {isa = PBXBuildFile; fileRef = EDC6DB4828CF990900164EBD /* MovieViewModel.swift */; };
		EDD52F5728DA14930078C6C5 /* UILabel+Ext.swift in Sources */ = {isa = PBXBuildFile; fileRef = EDD52F5628DA14930078C6C5 /* UILabel+Ext.swift */; };
		EDD52F5928DA1B2A0078C6C5 /* DimensionConstants.swift in Sources */ = {isa = PBXBuildFile; fileRef = EDD52F5828DA1B2A0078C6C5 /* DimensionConstants.swift */; };
		EDD52F6728DAC9B70078C6C5 /* Localizable.strings in Resources */ = {isa = PBXBuildFile; fileRef = EDD52F6628DAC9B70078C6C5 /* Localizable.strings */; };
		EDD52F7B28DB6D260078C6C5 /* SelfSizingTableView.swift in Sources */ = {isa = PBXBuildFile; fileRef = EDD52F7A28DB6D260078C6C5 /* SelfSizingTableView.swift */; };
		EDD52F7E28DB6F0E0078C6C5 /* SeasonSmallTableViewCell.swift in Sources */ = {isa = PBXBuildFile; fileRef = EDD52F7D28DB6F0E0078C6C5 /* SeasonSmallTableViewCell.swift */; };
		EDD52F8328DB7D4D0078C6C5 /* Date+Ext.swift in Sources */ = {isa = PBXBuildFile; fileRef = EDD52F8228DB7D4D0078C6C5 /* Date+Ext.swift */; };
		EDD5300A28DC95740078C6C5 /* SeasonsViewModel.swift in Sources */ = {isa = PBXBuildFile; fileRef = EDD5300928DC95740078C6C5 /* SeasonsViewModel.swift */; };
		EDD5301328DC97650078C6C5 /* SeasonsViewController.swift in Sources */ = {isa = PBXBuildFile; fileRef = EDD5301128DC97650078C6C5 /* SeasonsViewController.swift */; };
		EDD5301428DC97650078C6C5 /* SeasonsViewController.xib in Resources */ = {isa = PBXBuildFile; fileRef = EDD5301228DC97650078C6C5 /* SeasonsViewController.xib */; };
		EDD5301628DC99860078C6C5 /* SeasonsCoordinator.swift in Sources */ = {isa = PBXBuildFile; fileRef = EDD5301528DC99860078C6C5 /* SeasonsCoordinator.swift */; };
		EDD5301928DCA03F0078C6C5 /* SeasonLargeTableViewCell.swift in Sources */ = {isa = PBXBuildFile; fileRef = EDD5301828DCA03F0078C6C5 /* SeasonLargeTableViewCell.swift */; };
		EDD5301C28DCB6D00078C6C5 /* GradientView.swift in Sources */ = {isa = PBXBuildFile; fileRef = EDD5301B28DCB6D00078C6C5 /* GradientView.swift */; };
		EDD5302528DCBDA50078C6C5 /* SeasonDetailsViewController.swift in Sources */ = {isa = PBXBuildFile; fileRef = EDD5302328DCBDA50078C6C5 /* SeasonDetailsViewController.swift */; };
		EDD5302628DCBDA50078C6C5 /* SeasonDetailsViewController.xib in Resources */ = {isa = PBXBuildFile; fileRef = EDD5302428DCBDA50078C6C5 /* SeasonDetailsViewController.xib */; };
		EDD5302828DCBDBA0078C6C5 /* SeasonDetailsViewModel.swift in Sources */ = {isa = PBXBuildFile; fileRef = EDD5302728DCBDBA0078C6C5 /* SeasonDetailsViewModel.swift */; };
		EDD5302A28DCBDC50078C6C5 /* SeasonDetailsCoordinator.swift in Sources */ = {isa = PBXBuildFile; fileRef = EDD5302928DCBDC50078C6C5 /* SeasonDetailsCoordinator.swift */; };
		EDD5302D28DCC01A0078C6C5 /* EpisodeTableViewCell.swift in Sources */ = {isa = PBXBuildFile; fileRef = EDD5302C28DCC01A0078C6C5 /* EpisodeTableViewCell.swift */; };
		EDD9A19628E0B92600FBA909 /* GenresViewModel.swift in Sources */ = {isa = PBXBuildFile; fileRef = EDD9A19528E0B92600FBA909 /* GenresViewModel.swift */; };
		EDD9A19928E0B93000FBA909 /* GenresViewController.swift in Sources */ = {isa = PBXBuildFile; fileRef = EDD9A19728E0B93000FBA909 /* GenresViewController.swift */; };
		EDD9A19A28E0B93000FBA909 /* GenresViewController.xib in Resources */ = {isa = PBXBuildFile; fileRef = EDD9A19828E0B93000FBA909 /* GenresViewController.xib */; };
		EDD9A19C28E0B93A00FBA909 /* GenresCoordinator.swift in Sources */ = {isa = PBXBuildFile; fileRef = EDD9A19B28E0B93A00FBA909 /* GenresCoordinator.swift */; };
		EDE69B3928D60DBA002726B0 /* TabLayout.swift in Sources */ = {isa = PBXBuildFile; fileRef = EDE69B3828D60DBA002726B0 /* TabLayout.swift */; };
		EDE69B3B28D60E5B002726B0 /* TabLayoutDelegate.swift in Sources */ = {isa = PBXBuildFile; fileRef = EDE69B3A28D60E5B002726B0 /* TabLayoutDelegate.swift */; };
		EDE69B4228D62943002726B0 /* SearchViewController.swift in Sources */ = {isa = PBXBuildFile; fileRef = EDE69B4028D62943002726B0 /* SearchViewController.swift */; };
		EDE69B4328D62943002726B0 /* SearchViewController.xib in Resources */ = {isa = PBXBuildFile; fileRef = EDE69B4128D62943002726B0 /* SearchViewController.xib */; };
		EDE69B4528D6294D002726B0 /* SearchViewModel.swift in Sources */ = {isa = PBXBuildFile; fileRef = EDE69B4428D6294D002726B0 /* SearchViewModel.swift */; };
		EDE69B4728D6312F002726B0 /* SearchViewData.swift in Sources */ = {isa = PBXBuildFile; fileRef = EDE69B4628D6312F002726B0 /* SearchViewData.swift */; };
		EDE69B4E28D63EBB002726B0 /* UIViewController+Ext.swift in Sources */ = {isa = PBXBuildFile; fileRef = EDE69B4D28D63EBB002726B0 /* UIViewController+Ext.swift */; };
		EDE69B5028D643A6002726B0 /* String+Ext.swift in Sources */ = {isa = PBXBuildFile; fileRef = EDE69B4F28D643A6002726B0 /* String+Ext.swift */; };
		EDE69B5228D6BA58002726B0 /* PersonHorizontalListCell.swift in Sources */ = {isa = PBXBuildFile; fileRef = EDE69B5128D6BA58002726B0 /* PersonHorizontalListCell.swift */; };
		EDE69B5428D6BA66002726B0 /* PersonHorizontalListCellDelegate.swift in Sources */ = {isa = PBXBuildFile; fileRef = EDE69B5328D6BA66002726B0 /* PersonHorizontalListCellDelegate.swift */; };
		EDE69B5828D6BE1A002726B0 /* PersonHorizontalCell.swift in Sources */ = {isa = PBXBuildFile; fileRef = EDE69B5728D6BE1A002726B0 /* PersonHorizontalCell.swift */; };
		EDE69B6A28D71464002726B0 /* SearchCoordinator.swift in Sources */ = {isa = PBXBuildFile; fileRef = EDE69B6928D71464002726B0 /* SearchCoordinator.swift */; };
		EDE69B7128D7303D002726B0 /* Animation+Swirl.swift in Sources */ = {isa = PBXBuildFile; fileRef = EDE69B6C28D7303D002726B0 /* Animation+Swirl.swift */; };
		EDE69B7228D7303D002726B0 /* Animation+Navigation.swift in Sources */ = {isa = PBXBuildFile; fileRef = EDE69B6D28D7303D002726B0 /* Animation+Navigation.swift */; };
		EDE69B7328D7303D002726B0 /* Animation+Modal.swift in Sources */ = {isa = PBXBuildFile; fileRef = EDE69B6E28D7303D002726B0 /* Animation+Modal.swift */; };
		EDE69B7428D7303D002726B0 /* Animation+Fade.swift in Sources */ = {isa = PBXBuildFile; fileRef = EDE69B6F28D7303D002726B0 /* Animation+Fade.swift */; };
		EDE69B7528D7303D002726B0 /* Animation+Scale.swift in Sources */ = {isa = PBXBuildFile; fileRef = EDE69B7028D7303D002726B0 /* Animation+Scale.swift */; };
		EDE69B7728D73078002726B0 /* TransitionAnimation+Defaults.swift in Sources */ = {isa = PBXBuildFile; fileRef = EDE69B7628D73078002726B0 /* TransitionAnimation+Defaults.swift */; };
		EDE69B7928D730F3002726B0 /* CGAffineTransform+Ext.swift in Sources */ = {isa = PBXBuildFile; fileRef = EDE69B7828D730F3002726B0 /* CGAffineTransform+Ext.swift */; };
		EDE69B7D28D73214002726B0 /* TVShowViewController.swift in Sources */ = {isa = PBXBuildFile; fileRef = EDE69B7B28D73214002726B0 /* TVShowViewController.swift */; };
		EDE69B7E28D73214002726B0 /* TVShowViewController.xib in Resources */ = {isa = PBXBuildFile; fileRef = EDE69B7C28D73214002726B0 /* TVShowViewController.xib */; };
		EDE69B8028D7321F002726B0 /* TVShowViewModel.swift in Sources */ = {isa = PBXBuildFile; fileRef = EDE69B7F28D7321F002726B0 /* TVShowViewModel.swift */; };
		EDE69B8228D732A1002726B0 /* TVShowCoordinator.swift in Sources */ = {isa = PBXBuildFile; fileRef = EDE69B8128D732A1002726B0 /* TVShowCoordinator.swift */; };
		EDE92B6428E28F170083F33A /* EntertainmentPreviewCollectionViewCell.swift in Sources */ = {isa = PBXBuildFile; fileRef = EDE92B6328E28F170083F33A /* EntertainmentPreviewCollectionViewCell.swift */; };
		EDE92B7428E301820083F33A /* DefaultRefreshControl.swift in Sources */ = {isa = PBXBuildFile; fileRef = EDE92B7328E301820083F33A /* DefaultRefreshControl.swift */; };
		EDE92B7628E307010083F33A /* UIRefreshControl+Ext.swift in Sources */ = {isa = PBXBuildFile; fileRef = EDE92B7528E307010083F33A /* UIRefreshControl+Ext.swift */; };
		EDE92B7828E32C930083F33A /* EntertainmentDetailCollectionViewCell.swift in Sources */ = {isa = PBXBuildFile; fileRef = EDE92B7728E32C930083F33A /* EntertainmentDetailCollectionViewCell.swift */; };
		EDE92B7C28E350650083F33A /* ColumnFlowLayout.swift in Sources */ = {isa = PBXBuildFile; fileRef = EDE92B7B28E350650083F33A /* ColumnFlowLayout.swift */; };
		EDE92B8528E5D7CC0083F33A /* ErrorRetryable.swift in Sources */ = {isa = PBXBuildFile; fileRef = EDE92B8428E5D7CC0083F33A /* ErrorRetryable.swift */; };
		EDE92B8828E5D97E0083F33A /* ErrorRetryView.swift in Sources */ = {isa = PBXBuildFile; fileRef = EDE92B8728E5D97E0083F33A /* ErrorRetryView.swift */; };
		EDE92B8A28E5DD3D0083F33A /* Displayable.swift in Sources */ = {isa = PBXBuildFile; fileRef = EDE92B8928E5DD3D0083F33A /* Displayable.swift */; };
		EDE92B8D28E5EA3B0083F33A /* LoadingView.swift in Sources */ = {isa = PBXBuildFile; fileRef = EDE92B8C28E5EA3B0083F33A /* LoadingView.swift */; };
		EDE92B8F28E5EB3F0083F33A /* LoadingDisplayable.swift in Sources */ = {isa = PBXBuildFile; fileRef = EDE92B8E28E5EB3F0083F33A /* LoadingDisplayable.swift */; };
		EDE92B9128E5F4A20083F33A /* Shareable.swift in Sources */ = {isa = PBXBuildFile; fileRef = EDE92B9028E5F4A20083F33A /* Shareable.swift */; };
		EDE92B9428E5F5420083F33A /* ShareButton.swift in Sources */ = {isa = PBXBuildFile; fileRef = EDE92B9328E5F5420083F33A /* ShareButton.swift */; };
		EDE92B9628E5F7CE0083F33A /* Searchable.swift in Sources */ = {isa = PBXBuildFile; fileRef = EDE92B9528E5F7CE0083F33A /* Searchable.swift */; };
		EDE92B9928E5F7F10083F33A /* SearchButton.swift in Sources */ = {isa = PBXBuildFile; fileRef = EDE92B9828E5F7F10083F33A /* SearchButton.swift */; };
		EDE92D2828E6DB130083F33A /* Data.framework in Frameworks */ = {isa = PBXBuildFile; fileRef = EDE92D2628E6DB130083F33A /* Data.framework */; };
		EDE92D2928E6DB130083F33A /* Data.framework in Embed Frameworks */ = {isa = PBXBuildFile; fileRef = EDE92D2628E6DB130083F33A /* Data.framework */; settings = {ATTRIBUTES = (CodeSignOnCopy, RemoveHeadersOnCopy, ); }; };
		EDE92D2A28E6DB130083F33A /* Domain.framework in Frameworks */ = {isa = PBXBuildFile; fileRef = EDE92D2728E6DB130083F33A /* Domain.framework */; };
		EDE92D2B28E6DB130083F33A /* Domain.framework in Embed Frameworks */ = {isa = PBXBuildFile; fileRef = EDE92D2728E6DB130083F33A /* Domain.framework */; settings = {ATTRIBUTES = (CodeSignOnCopy, RemoveHeadersOnCopy, ); }; };
		EDE92D3028E9823D0083F33A /* SelfieWithMovieView.swift in Sources */ = {isa = PBXBuildFile; fileRef = EDE92D2F28E9823D0083F33A /* SelfieWithMovieView.swift */; };
		EDE92D3328E98A4B0083F33A /* SelfSizingCollectionView.swift in Sources */ = {isa = PBXBuildFile; fileRef = EDE92D3228E98A4B0083F33A /* SelfSizingCollectionView.swift */; };
		EDFAD37328D2073600ED3BCD /* NetworkAssembly.swift in Sources */ = {isa = PBXBuildFile; fileRef = EDFAD37228D2073600ED3BCD /* NetworkAssembly.swift */; };
		EDFAD37928D22EEF00ED3BCD /* ErrorTracker.swift in Sources */ = {isa = PBXBuildFile; fileRef = EDFAD37828D22EEF00ED3BCD /* ErrorTracker.swift */; };
		EDFAD37B28D22F0E00ED3BCD /* ActivityTracker.swift in Sources */ = {isa = PBXBuildFile; fileRef = EDFAD37A28D22F0E00ED3BCD /* ActivityTracker.swift */; };
		EDFAD37D28D22FD300ED3BCD /* Rx+Map.swift in Sources */ = {isa = PBXBuildFile; fileRef = EDFAD37C28D22FD300ED3BCD /* Rx+Map.swift */; };
		EDFAD37F28D2309C00ED3BCD /* NSObject+Rx.swift in Sources */ = {isa = PBXBuildFile; fileRef = EDFAD37E28D2309C00ED3BCD /* NSObject+Rx.swift */; };
		EDFAD38128D230C200ED3BCD /* HasDisposeBag.swift in Sources */ = {isa = PBXBuildFile; fileRef = EDFAD38028D230C200ED3BCD /* HasDisposeBag.swift */; };
		EDFAD38328D2387F00ED3BCD /* ViewState.swift in Sources */ = {isa = PBXBuildFile; fileRef = EDFAD38228D2387F00ED3BCD /* ViewState.swift */; };
		EDFAD39E28D30E7200ED3BCD /* DataSourceAssembly.swift in Sources */ = {isa = PBXBuildFile; fileRef = EDFAD39D28D30E7200ED3BCD /* DataSourceAssembly.swift */; };
		EDFAD3A728D3149500ED3BCD /* ProviderAssembly.swift in Sources */ = {isa = PBXBuildFile; fileRef = EDFAD3A628D3149500ED3BCD /* ProviderAssembly.swift */; };
		EDFAD3B328D3745D00ED3BCD /* GridCollectionViewLayout.swift in Sources */ = {isa = PBXBuildFile; fileRef = EDFAD3B228D3745D00ED3BCD /* GridCollectionViewLayout.swift */; };
/* End PBXBuildFile section */

/* Begin PBXCopyFilesBuildPhase section */
		EDE92D2C28E6DB130083F33A /* Embed Frameworks */ = {
			isa = PBXCopyFilesBuildPhase;
			buildActionMask = 2147483647;
			dstPath = "";
			dstSubfolderSpec = 10;
			files = (
				EDE92D2B28E6DB130083F33A /* Domain.framework in Embed Frameworks */,
				EDE92D2928E6DB130083F33A /* Data.framework in Embed Frameworks */,
			);
			name = "Embed Frameworks";
			runOnlyForDeploymentPostprocessing = 0;
		};
/* End PBXCopyFilesBuildPhase section */

/* Begin PBXFileReference section */
		2C90E95A357C070699EC3983 /* Pods_Miramax_Fillms.framework */ = {isa = PBXFileReference; explicitFileType = wrapper.framework; includeInIndex = 0; path = Pods_Miramax_Fillms.framework; sourceTree = BUILT_PRODUCTS_DIR; };
		4758F1EC2A08D665697C22E4 /* Pods-Miramax Fillms.release.xcconfig */ = {isa = PBXFileReference; includeInIndex = 1; lastKnownFileType = text.xcconfig; name = "Pods-Miramax Fillms.release.xcconfig"; path = "Target Support Files/Pods-Miramax Fillms/Pods-Miramax Fillms.release.xcconfig"; sourceTree = "<group>"; };
		53B990CD2AA8BFC87184AC0E /* Pods-Miramax Fillms.debug.xcconfig */ = {isa = PBXFileReference; includeInIndex = 1; lastKnownFileType = text.xcconfig; name = "Pods-Miramax Fillms.debug.xcconfig"; path = "Target Support Files/Pods-Miramax Fillms/Pods-Miramax Fillms.debug.xcconfig"; sourceTree = "<group>"; };
		ED1F03AC28EC92360083B088 /* EntertainmentsResponseRoute.swift */ = {isa = PBXFileReference; lastKnownFileType = sourcecode.swift; path = EntertainmentsResponseRoute.swift; sourceTree = "<group>"; };
		ED5BA69F28EB19830030F4B0 /* EntertainmentRankTableViewCell.swift */ = {isa = PBXFileReference; lastKnownFileType = sourcecode.swift; path = EntertainmentRankTableViewCell.swift; sourceTree = "<group>"; };
		ED7A094D28EC711D0035E099 /* Roboto-Black.ttf */ = {isa = PBXFileReference; lastKnownFileType = file; path = "Roboto-Black.ttf"; sourceTree = "<group>"; };
		ED7A094E28EC711D0035E099 /* Roboto-Regular.ttf */ = {isa = PBXFileReference; lastKnownFileType = file; path = "Roboto-Regular.ttf"; sourceTree = "<group>"; };
		ED7A094F28EC711D0035E099 /* Roboto-Bold.ttf */ = {isa = PBXFileReference; lastKnownFileType = file; path = "Roboto-Bold.ttf"; sourceTree = "<group>"; };
		ED7A095028EC711D0035E099 /* Roboto-Medium.ttf */ = {isa = PBXFileReference; lastKnownFileType = file; path = "Roboto-Medium.ttf"; sourceTree = "<group>"; };
		ED7A095128EC711D0035E099 /* Roboto-Light.ttf */ = {isa = PBXFileReference; lastKnownFileType = file; path = "Roboto-Light.ttf"; sourceTree = "<group>"; };
		ED7A095228EC711D0035E099 /* Roboto-Thin.ttf */ = {isa = PBXFileReference; lastKnownFileType = file; path = "Roboto-Thin.ttf"; sourceTree = "<group>"; };
		ED7A095C28EC84D80035E099 /* EntertainmentListViewModel.swift */ = {isa = PBXFileReference; fileEncoding = 4; lastKnownFileType = sourcecode.swift; path = EntertainmentListViewModel.swift; sourceTree = "<group>"; };
		ED7A095D28EC84D80035E099 /* EntertainmentListViewController.xib */ = {isa = PBXFileReference; fileEncoding = 4; lastKnownFileType = file.xib; path = EntertainmentListViewController.xib; sourceTree = "<group>"; };
		ED7A095E28EC84D80035E099 /* EntertainmentListCoordinator.swift */ = {isa = PBXFileReference; fileEncoding = 4; lastKnownFileType = sourcecode.swift; path = EntertainmentListCoordinator.swift; sourceTree = "<group>"; };
		ED7A095F28EC84D80035E099 /* EntertainmentListViewController.swift */ = {isa = PBXFileReference; fileEncoding = 4; lastKnownFileType = sourcecode.swift; path = EntertainmentListViewController.swift; sourceTree = "<group>"; };
		ED866E1B28DED76C0066E10B /* PersonDetailsViewController.swift */ = {isa = PBXFileReference; lastKnownFileType = sourcecode.swift; path = PersonDetailsViewController.swift; sourceTree = "<group>"; };
		ED866E1C28DED76C0066E10B /* PersonDetailsViewController.xib */ = {isa = PBXFileReference; lastKnownFileType = file.xib; path = PersonDetailsViewController.xib; sourceTree = "<group>"; };
		ED866E1F28DED7AA0066E10B /* PersonDetailsViewModel.swift */ = {isa = PBXFileReference; lastKnownFileType = sourcecode.swift; path = PersonDetailsViewModel.swift; sourceTree = "<group>"; };
		ED866E2128DED8030066E10B /* PersonDetailsCoordinator.swift */ = {isa = PBXFileReference; lastKnownFileType = sourcecode.swift; path = PersonDetailsCoordinator.swift; sourceTree = "<group>"; };
		ED866E3E28E01C300066E10B /* PersonBiographyViewController.swift */ = {isa = PBXFileReference; lastKnownFileType = sourcecode.swift; path = PersonBiographyViewController.swift; sourceTree = "<group>"; };
		ED866E3F28E01C300066E10B /* PersonBiographyViewController.xib */ = {isa = PBXFileReference; lastKnownFileType = file.xib; path = PersonBiographyViewController.xib; sourceTree = "<group>"; };
		ED866E4228E01C390066E10B /* PersonBiographyViewModel.swift */ = {isa = PBXFileReference; lastKnownFileType = sourcecode.swift; path = PersonBiographyViewModel.swift; sourceTree = "<group>"; };
		ED866E4428E01DF60066E10B /* PersonBiographyCoordinator.swift */ = {isa = PBXFileReference; lastKnownFileType = sourcecode.swift; path = PersonBiographyCoordinator.swift; sourceTree = "<group>"; };
		ED866E5B28E09AB60066E10B /* UIImageView+Kingfisher.swift */ = {isa = PBXFileReference; lastKnownFileType = sourcecode.swift; path = "UIImageView+Kingfisher.swift"; sourceTree = "<group>"; };
		ED86E61E28C6369800D60351 /* Miramax Fillms.app */ = {isa = PBXFileReference; explicitFileType = wrapper.application; includeInIndex = 0; path = "Miramax Fillms.app"; sourceTree = BUILT_PRODUCTS_DIR; };
		ED86E62128C6369800D60351 /* AppDelegate.swift */ = {isa = PBXFileReference; lastKnownFileType = sourcecode.swift; path = AppDelegate.swift; sourceTree = "<group>"; };
		ED86E62A28C6369B00D60351 /* Assets.xcassets */ = {isa = PBXFileReference; lastKnownFileType = folder.assetcatalog; path = Assets.xcassets; sourceTree = "<group>"; };
		ED86E62F28C6369B00D60351 /* Info.plist */ = {isa = PBXFileReference; lastKnownFileType = text.plist.xml; path = Info.plist; sourceTree = "<group>"; };
		EDA4475A28D41FFC0037751C /* PrimaryButton.swift */ = {isa = PBXFileReference; lastKnownFileType = sourcecode.swift; path = PrimaryButton.swift; sourceTree = "<group>"; };
		EDA4475C28D422320037751C /* MovieHorizontalListCellDelegate.swift */ = {isa = PBXFileReference; lastKnownFileType = sourcecode.swift; path = MovieHorizontalListCellDelegate.swift; sourceTree = "<group>"; };
		EDA4476B28D431DC0037751C /* AppFonts.swift */ = {isa = PBXFileReference; lastKnownFileType = sourcecode.swift; path = AppFonts.swift; sourceTree = "<group>"; };
		EDA4476D28D432350037751C /* AppColors.swift */ = {isa = PBXFileReference; lastKnownFileType = sourcecode.swift; path = AppColors.swift; sourceTree = "<group>"; };
		EDA4477D28D58D0E0037751C /* Resolver+resolveOrThrow.swift */ = {isa = PBXFileReference; lastKnownFileType = sourcecode.swift; path = "Resolver+resolveOrThrow.swift"; sourceTree = "<group>"; };
		EDA4478028D591410037751C /* SectionHeaderView.swift */ = {isa = PBXFileReference; lastKnownFileType = sourcecode.swift; path = SectionHeaderView.swift; sourceTree = "<group>"; };
		EDA4478228D59A090037751C /* Constants.swift */ = {isa = PBXFileReference; lastKnownFileType = sourcecode.swift; path = Constants.swift; sourceTree = "<group>"; };
		EDA4478428D59B300037751C /* SectionHeaderViewDelegate.swift */ = {isa = PBXFileReference; lastKnownFileType = sourcecode.swift; path = SectionHeaderViewDelegate.swift; sourceTree = "<group>"; };
		EDA4478C28D5A7640037751C /* AppToolbar.swift */ = {isa = PBXFileReference; lastKnownFileType = sourcecode.swift; path = AppToolbar.swift; sourceTree = "<group>"; };
		EDA4478E28D5A7740037751C /* AppToolbarDelegate.swift */ = {isa = PBXFileReference; lastKnownFileType = sourcecode.swift; path = AppToolbarDelegate.swift; sourceTree = "<group>"; };
		EDB8780028D8AA720016B96B /* EntertainmentDetailsViewController.swift */ = {isa = PBXFileReference; lastKnownFileType = sourcecode.swift; path = EntertainmentDetailsViewController.swift; sourceTree = "<group>"; };
		EDB8780128D8AA720016B96B /* EntertainmentDetailsViewController.xib */ = {isa = PBXFileReference; lastKnownFileType = file.xib; path = EntertainmentDetailsViewController.xib; sourceTree = "<group>"; };
		EDB8780428D8AA7A0016B96B /* EntertainmentDetailsViewModel.swift */ = {isa = PBXFileReference; lastKnownFileType = sourcecode.swift; path = EntertainmentDetailsViewModel.swift; sourceTree = "<group>"; };
		EDB8780628D8AABB0016B96B /* EntertainmentDetailsCoordinator.swift */ = {isa = PBXFileReference; lastKnownFileType = sourcecode.swift; path = EntertainmentDetailsCoordinator.swift; sourceTree = "<group>"; };
		EDB8781828D8D37C0016B96B /* DataUtils.swift */ = {isa = PBXFileReference; lastKnownFileType = sourcecode.swift; path = DataUtils.swift; sourceTree = "<group>"; };
		EDC502CF28D377CC0047C7C3 /* GenreCollectionViewCell.swift */ = {isa = PBXFileReference; lastKnownFileType = sourcecode.swift; path = GenreCollectionViewCell.swift; sourceTree = "<group>"; };
		EDC502D228D3867B0047C7C3 /* UIColor+Ext.swift */ = {isa = PBXFileReference; lastKnownFileType = sourcecode.swift; path = "UIColor+Ext.swift"; sourceTree = "<group>"; };
		EDC502D428D38C2D0047C7C3 /* Rx+asDriver.swift */ = {isa = PBXFileReference; lastKnownFileType = sourcecode.swift; path = "Rx+asDriver.swift"; sourceTree = "<group>"; };
		EDC502D728D38EDB0047C7C3 /* EntertainmentHorizontalCell.swift */ = {isa = PBXFileReference; lastKnownFileType = sourcecode.swift; path = EntertainmentHorizontalCell.swift; sourceTree = "<group>"; };
		EDC502DA28D38FEA0047C7C3 /* MovieHorizontalListCell.swift */ = {isa = PBXFileReference; lastKnownFileType = sourcecode.swift; path = MovieHorizontalListCell.swift; sourceTree = "<group>"; };
		EDC6DB2028CF69DF00164EBD /* BaseViewModel.swift */ = {isa = PBXFileReference; lastKnownFileType = sourcecode.swift; path = BaseViewModel.swift; sourceTree = "<group>"; };
		EDC6DB2328CF6A0800164EBD /* ViewModelType.swift */ = {isa = PBXFileReference; lastKnownFileType = sourcecode.swift; path = ViewModelType.swift; sourceTree = "<group>"; };
		EDC6DB2628CF6C3300164EBD /* BaseViewController.swift */ = {isa = PBXFileReference; lastKnownFileType = sourcecode.swift; path = BaseViewController.swift; sourceTree = "<group>"; };
		EDC6DB2B28CF70F500164EBD /* AppDIContainer.swift */ = {isa = PBXFileReference; lastKnownFileType = sourcecode.swift; path = AppDIContainer.swift; sourceTree = "<group>"; };
		EDC6DB2E28CF717600164EBD /* MainNavigationController.swift */ = {isa = PBXFileReference; lastKnownFileType = sourcecode.swift; path = MainNavigationController.swift; sourceTree = "<group>"; };
		EDC6DB3128CF724A00164EBD /* AppCoordinator.swift */ = {isa = PBXFileReference; lastKnownFileType = sourcecode.swift; path = AppCoordinator.swift; sourceTree = "<group>"; };
		EDC6DB3428CF759400164EBD /* SplashViewController.swift */ = {isa = PBXFileReference; lastKnownFileType = sourcecode.swift; path = SplashViewController.swift; sourceTree = "<group>"; };
		EDC6DB3528CF759400164EBD /* SplashViewController.xib */ = {isa = PBXFileReference; lastKnownFileType = file.xib; path = SplashViewController.xib; sourceTree = "<group>"; };
		EDC6DB3828CF764500164EBD /* SplashViewModel.swift */ = {isa = PBXFileReference; lastKnownFileType = sourcecode.swift; path = SplashViewModel.swift; sourceTree = "<group>"; };
		EDC6DB3F28CF92DE00164EBD /* HomeCoordinator.swift */ = {isa = PBXFileReference; lastKnownFileType = sourcecode.swift; path = HomeCoordinator.swift; sourceTree = "<group>"; };
		EDC6DB4128CF961700164EBD /* MovieCoordinator.swift */ = {isa = PBXFileReference; lastKnownFileType = sourcecode.swift; path = MovieCoordinator.swift; sourceTree = "<group>"; };
		EDC6DB4428CF98F800164EBD /* MovieViewController.swift */ = {isa = PBXFileReference; lastKnownFileType = sourcecode.swift; path = MovieViewController.swift; sourceTree = "<group>"; };
		EDC6DB4528CF98F800164EBD /* MovieViewController.xib */ = {isa = PBXFileReference; lastKnownFileType = file.xib; path = MovieViewController.xib; sourceTree = "<group>"; };
		EDC6DB4828CF990900164EBD /* MovieViewModel.swift */ = {isa = PBXFileReference; lastKnownFileType = sourcecode.swift; path = MovieViewModel.swift; sourceTree = "<group>"; };
		EDD52F5628DA14930078C6C5 /* UILabel+Ext.swift */ = {isa = PBXFileReference; lastKnownFileType = sourcecode.swift; path = "UILabel+Ext.swift"; sourceTree = "<group>"; };
		EDD52F5828DA1B2A0078C6C5 /* DimensionConstants.swift */ = {isa = PBXFileReference; lastKnownFileType = sourcecode.swift; path = DimensionConstants.swift; sourceTree = "<group>"; };
		EDD52F6628DAC9B70078C6C5 /* Localizable.strings */ = {isa = PBXFileReference; lastKnownFileType = text.plist.strings; path = Localizable.strings; sourceTree = "<group>"; };
		EDD52F7A28DB6D260078C6C5 /* SelfSizingTableView.swift */ = {isa = PBXFileReference; lastKnownFileType = sourcecode.swift; path = SelfSizingTableView.swift; sourceTree = "<group>"; };
		EDD52F7D28DB6F0E0078C6C5 /* SeasonSmallTableViewCell.swift */ = {isa = PBXFileReference; lastKnownFileType = sourcecode.swift; path = SeasonSmallTableViewCell.swift; sourceTree = "<group>"; };
		EDD52F8228DB7D4D0078C6C5 /* Date+Ext.swift */ = {isa = PBXFileReference; lastKnownFileType = sourcecode.swift; path = "Date+Ext.swift"; sourceTree = "<group>"; };
		EDD5300928DC95740078C6C5 /* SeasonsViewModel.swift */ = {isa = PBXFileReference; lastKnownFileType = sourcecode.swift; path = SeasonsViewModel.swift; sourceTree = "<group>"; };
		EDD5301128DC97650078C6C5 /* SeasonsViewController.swift */ = {isa = PBXFileReference; lastKnownFileType = sourcecode.swift; path = SeasonsViewController.swift; sourceTree = "<group>"; };
		EDD5301228DC97650078C6C5 /* SeasonsViewController.xib */ = {isa = PBXFileReference; lastKnownFileType = file.xib; path = SeasonsViewController.xib; sourceTree = "<group>"; };
		EDD5301528DC99860078C6C5 /* SeasonsCoordinator.swift */ = {isa = PBXFileReference; lastKnownFileType = sourcecode.swift; path = SeasonsCoordinator.swift; sourceTree = "<group>"; };
		EDD5301828DCA03F0078C6C5 /* SeasonLargeTableViewCell.swift */ = {isa = PBXFileReference; lastKnownFileType = sourcecode.swift; path = SeasonLargeTableViewCell.swift; sourceTree = "<group>"; };
		EDD5301B28DCB6D00078C6C5 /* GradientView.swift */ = {isa = PBXFileReference; lastKnownFileType = sourcecode.swift; path = GradientView.swift; sourceTree = "<group>"; };
		EDD5302328DCBDA50078C6C5 /* SeasonDetailsViewController.swift */ = {isa = PBXFileReference; lastKnownFileType = sourcecode.swift; path = SeasonDetailsViewController.swift; sourceTree = "<group>"; };
		EDD5302428DCBDA50078C6C5 /* SeasonDetailsViewController.xib */ = {isa = PBXFileReference; lastKnownFileType = file.xib; path = SeasonDetailsViewController.xib; sourceTree = "<group>"; };
		EDD5302728DCBDBA0078C6C5 /* SeasonDetailsViewModel.swift */ = {isa = PBXFileReference; lastKnownFileType = sourcecode.swift; path = SeasonDetailsViewModel.swift; sourceTree = "<group>"; };
		EDD5302928DCBDC50078C6C5 /* SeasonDetailsCoordinator.swift */ = {isa = PBXFileReference; lastKnownFileType = sourcecode.swift; path = SeasonDetailsCoordinator.swift; sourceTree = "<group>"; };
		EDD5302C28DCC01A0078C6C5 /* EpisodeTableViewCell.swift */ = {isa = PBXFileReference; lastKnownFileType = sourcecode.swift; path = EpisodeTableViewCell.swift; sourceTree = "<group>"; };
		EDD9A19528E0B92600FBA909 /* GenresViewModel.swift */ = {isa = PBXFileReference; lastKnownFileType = sourcecode.swift; path = GenresViewModel.swift; sourceTree = "<group>"; };
		EDD9A19728E0B93000FBA909 /* GenresViewController.swift */ = {isa = PBXFileReference; lastKnownFileType = sourcecode.swift; path = GenresViewController.swift; sourceTree = "<group>"; };
		EDD9A19828E0B93000FBA909 /* GenresViewController.xib */ = {isa = PBXFileReference; lastKnownFileType = file.xib; path = GenresViewController.xib; sourceTree = "<group>"; };
		EDD9A19B28E0B93A00FBA909 /* GenresCoordinator.swift */ = {isa = PBXFileReference; lastKnownFileType = sourcecode.swift; path = GenresCoordinator.swift; sourceTree = "<group>"; };
		EDE69B3828D60DBA002726B0 /* TabLayout.swift */ = {isa = PBXFileReference; lastKnownFileType = sourcecode.swift; path = TabLayout.swift; sourceTree = "<group>"; };
		EDE69B3A28D60E5B002726B0 /* TabLayoutDelegate.swift */ = {isa = PBXFileReference; lastKnownFileType = sourcecode.swift; path = TabLayoutDelegate.swift; sourceTree = "<group>"; };
		EDE69B4028D62943002726B0 /* SearchViewController.swift */ = {isa = PBXFileReference; lastKnownFileType = sourcecode.swift; path = SearchViewController.swift; sourceTree = "<group>"; };
		EDE69B4128D62943002726B0 /* SearchViewController.xib */ = {isa = PBXFileReference; lastKnownFileType = file.xib; path = SearchViewController.xib; sourceTree = "<group>"; };
		EDE69B4428D6294D002726B0 /* SearchViewModel.swift */ = {isa = PBXFileReference; lastKnownFileType = sourcecode.swift; path = SearchViewModel.swift; sourceTree = "<group>"; };
		EDE69B4628D6312F002726B0 /* SearchViewData.swift */ = {isa = PBXFileReference; lastKnownFileType = sourcecode.swift; path = SearchViewData.swift; sourceTree = "<group>"; };
		EDE69B4D28D63EBB002726B0 /* UIViewController+Ext.swift */ = {isa = PBXFileReference; lastKnownFileType = sourcecode.swift; path = "UIViewController+Ext.swift"; sourceTree = "<group>"; };
		EDE69B4F28D643A6002726B0 /* String+Ext.swift */ = {isa = PBXFileReference; lastKnownFileType = sourcecode.swift; path = "String+Ext.swift"; sourceTree = "<group>"; };
		EDE69B5128D6BA58002726B0 /* PersonHorizontalListCell.swift */ = {isa = PBXFileReference; lastKnownFileType = sourcecode.swift; path = PersonHorizontalListCell.swift; sourceTree = "<group>"; };
		EDE69B5328D6BA66002726B0 /* PersonHorizontalListCellDelegate.swift */ = {isa = PBXFileReference; lastKnownFileType = sourcecode.swift; path = PersonHorizontalListCellDelegate.swift; sourceTree = "<group>"; };
		EDE69B5728D6BE1A002726B0 /* PersonHorizontalCell.swift */ = {isa = PBXFileReference; lastKnownFileType = sourcecode.swift; path = PersonHorizontalCell.swift; sourceTree = "<group>"; };
		EDE69B6928D71464002726B0 /* SearchCoordinator.swift */ = {isa = PBXFileReference; lastKnownFileType = sourcecode.swift; path = SearchCoordinator.swift; sourceTree = "<group>"; };
		EDE69B6C28D7303D002726B0 /* Animation+Swirl.swift */ = {isa = PBXFileReference; fileEncoding = 4; lastKnownFileType = sourcecode.swift; path = "Animation+Swirl.swift"; sourceTree = "<group>"; };
		EDE69B6D28D7303D002726B0 /* Animation+Navigation.swift */ = {isa = PBXFileReference; fileEncoding = 4; lastKnownFileType = sourcecode.swift; path = "Animation+Navigation.swift"; sourceTree = "<group>"; };
		EDE69B6E28D7303D002726B0 /* Animation+Modal.swift */ = {isa = PBXFileReference; fileEncoding = 4; lastKnownFileType = sourcecode.swift; path = "Animation+Modal.swift"; sourceTree = "<group>"; };
		EDE69B6F28D7303D002726B0 /* Animation+Fade.swift */ = {isa = PBXFileReference; fileEncoding = 4; lastKnownFileType = sourcecode.swift; path = "Animation+Fade.swift"; sourceTree = "<group>"; };
		EDE69B7028D7303D002726B0 /* Animation+Scale.swift */ = {isa = PBXFileReference; fileEncoding = 4; lastKnownFileType = sourcecode.swift; path = "Animation+Scale.swift"; sourceTree = "<group>"; };
		EDE69B7628D73078002726B0 /* TransitionAnimation+Defaults.swift */ = {isa = PBXFileReference; lastKnownFileType = sourcecode.swift; path = "TransitionAnimation+Defaults.swift"; sourceTree = "<group>"; };
		EDE69B7828D730F3002726B0 /* CGAffineTransform+Ext.swift */ = {isa = PBXFileReference; lastKnownFileType = sourcecode.swift; path = "CGAffineTransform+Ext.swift"; sourceTree = "<group>"; };
		EDE69B7B28D73214002726B0 /* TVShowViewController.swift */ = {isa = PBXFileReference; lastKnownFileType = sourcecode.swift; path = TVShowViewController.swift; sourceTree = "<group>"; };
		EDE69B7C28D73214002726B0 /* TVShowViewController.xib */ = {isa = PBXFileReference; lastKnownFileType = file.xib; path = TVShowViewController.xib; sourceTree = "<group>"; };
		EDE69B7F28D7321F002726B0 /* TVShowViewModel.swift */ = {isa = PBXFileReference; lastKnownFileType = sourcecode.swift; path = TVShowViewModel.swift; sourceTree = "<group>"; };
		EDE69B8128D732A1002726B0 /* TVShowCoordinator.swift */ = {isa = PBXFileReference; lastKnownFileType = sourcecode.swift; path = TVShowCoordinator.swift; sourceTree = "<group>"; };
		EDE92B6328E28F170083F33A /* EntertainmentPreviewCollectionViewCell.swift */ = {isa = PBXFileReference; lastKnownFileType = sourcecode.swift; path = EntertainmentPreviewCollectionViewCell.swift; sourceTree = "<group>"; };
		EDE92B7328E301820083F33A /* DefaultRefreshControl.swift */ = {isa = PBXFileReference; lastKnownFileType = sourcecode.swift; path = DefaultRefreshControl.swift; sourceTree = "<group>"; };
		EDE92B7528E307010083F33A /* UIRefreshControl+Ext.swift */ = {isa = PBXFileReference; lastKnownFileType = sourcecode.swift; path = "UIRefreshControl+Ext.swift"; sourceTree = "<group>"; };
		EDE92B7728E32C930083F33A /* EntertainmentDetailCollectionViewCell.swift */ = {isa = PBXFileReference; lastKnownFileType = sourcecode.swift; path = EntertainmentDetailCollectionViewCell.swift; sourceTree = "<group>"; };
		EDE92B7B28E350650083F33A /* ColumnFlowLayout.swift */ = {isa = PBXFileReference; lastKnownFileType = sourcecode.swift; path = ColumnFlowLayout.swift; sourceTree = "<group>"; };
		EDE92B8428E5D7CC0083F33A /* ErrorRetryable.swift */ = {isa = PBXFileReference; lastKnownFileType = sourcecode.swift; path = ErrorRetryable.swift; sourceTree = "<group>"; };
		EDE92B8728E5D97E0083F33A /* ErrorRetryView.swift */ = {isa = PBXFileReference; lastKnownFileType = sourcecode.swift; path = ErrorRetryView.swift; sourceTree = "<group>"; };
		EDE92B8928E5DD3D0083F33A /* Displayable.swift */ = {isa = PBXFileReference; lastKnownFileType = sourcecode.swift; path = Displayable.swift; sourceTree = "<group>"; };
		EDE92B8C28E5EA3B0083F33A /* LoadingView.swift */ = {isa = PBXFileReference; lastKnownFileType = sourcecode.swift; path = LoadingView.swift; sourceTree = "<group>"; };
		EDE92B8E28E5EB3F0083F33A /* LoadingDisplayable.swift */ = {isa = PBXFileReference; lastKnownFileType = sourcecode.swift; path = LoadingDisplayable.swift; sourceTree = "<group>"; };
		EDE92B9028E5F4A20083F33A /* Shareable.swift */ = {isa = PBXFileReference; lastKnownFileType = sourcecode.swift; path = Shareable.swift; sourceTree = "<group>"; };
		EDE92B9328E5F5420083F33A /* ShareButton.swift */ = {isa = PBXFileReference; lastKnownFileType = sourcecode.swift; path = ShareButton.swift; sourceTree = "<group>"; };
		EDE92B9528E5F7CE0083F33A /* Searchable.swift */ = {isa = PBXFileReference; lastKnownFileType = sourcecode.swift; path = Searchable.swift; sourceTree = "<group>"; };
		EDE92B9828E5F7F10083F33A /* SearchButton.swift */ = {isa = PBXFileReference; lastKnownFileType = sourcecode.swift; path = SearchButton.swift; sourceTree = "<group>"; };
		EDE92D2628E6DB130083F33A /* Data.framework */ = {isa = PBXFileReference; explicitFileType = wrapper.framework; path = Data.framework; sourceTree = BUILT_PRODUCTS_DIR; };
		EDE92D2728E6DB130083F33A /* Domain.framework */ = {isa = PBXFileReference; explicitFileType = wrapper.framework; path = Domain.framework; sourceTree = BUILT_PRODUCTS_DIR; };
		EDE92D2F28E9823D0083F33A /* SelfieWithMovieView.swift */ = {isa = PBXFileReference; lastKnownFileType = sourcecode.swift; path = SelfieWithMovieView.swift; sourceTree = "<group>"; };
		EDE92D3228E98A4B0083F33A /* SelfSizingCollectionView.swift */ = {isa = PBXFileReference; lastKnownFileType = sourcecode.swift; path = SelfSizingCollectionView.swift; sourceTree = "<group>"; };
		EDFAD37228D2073600ED3BCD /* NetworkAssembly.swift */ = {isa = PBXFileReference; lastKnownFileType = sourcecode.swift; path = NetworkAssembly.swift; sourceTree = "<group>"; };
		EDFAD37828D22EEF00ED3BCD /* ErrorTracker.swift */ = {isa = PBXFileReference; lastKnownFileType = sourcecode.swift; path = ErrorTracker.swift; sourceTree = "<group>"; };
		EDFAD37A28D22F0E00ED3BCD /* ActivityTracker.swift */ = {isa = PBXFileReference; lastKnownFileType = sourcecode.swift; path = ActivityTracker.swift; sourceTree = "<group>"; };
		EDFAD37C28D22FD300ED3BCD /* Rx+Map.swift */ = {isa = PBXFileReference; lastKnownFileType = sourcecode.swift; path = "Rx+Map.swift"; sourceTree = "<group>"; };
		EDFAD37E28D2309C00ED3BCD /* NSObject+Rx.swift */ = {isa = PBXFileReference; lastKnownFileType = sourcecode.swift; path = "NSObject+Rx.swift"; sourceTree = "<group>"; };
		EDFAD38028D230C200ED3BCD /* HasDisposeBag.swift */ = {isa = PBXFileReference; lastKnownFileType = sourcecode.swift; path = HasDisposeBag.swift; sourceTree = "<group>"; };
		EDFAD38228D2387F00ED3BCD /* ViewState.swift */ = {isa = PBXFileReference; lastKnownFileType = sourcecode.swift; path = ViewState.swift; sourceTree = "<group>"; };
		EDFAD39D28D30E7200ED3BCD /* DataSourceAssembly.swift */ = {isa = PBXFileReference; lastKnownFileType = sourcecode.swift; path = DataSourceAssembly.swift; sourceTree = "<group>"; };
		EDFAD3A628D3149500ED3BCD /* ProviderAssembly.swift */ = {isa = PBXFileReference; lastKnownFileType = sourcecode.swift; path = ProviderAssembly.swift; sourceTree = "<group>"; };
		EDFAD3B228D3745D00ED3BCD /* GridCollectionViewLayout.swift */ = {isa = PBXFileReference; lastKnownFileType = sourcecode.swift; path = GridCollectionViewLayout.swift; sourceTree = "<group>"; };
/* End PBXFileReference section */

/* Begin PBXFrameworksBuildPhase section */
		ED86E61B28C6369800D60351 /* Frameworks */ = {
			isa = PBXFrameworksBuildPhase;
			buildActionMask = 2147483647;
			files = (
				EDE92D2A28E6DB130083F33A /* Domain.framework in Frameworks */,
				EDE92D2828E6DB130083F33A /* Data.framework in Frameworks */,
				61D73C8110AE141D057D3229 /* Pods_Miramax_Fillms.framework in Frameworks */,
			);
			runOnlyForDeploymentPostprocessing = 0;
		};
/* End PBXFrameworksBuildPhase section */

/* Begin PBXGroup section */
		329DD7FDEB5D70BD74EF3BD5 /* Pods */ = {
			isa = PBXGroup;
			children = (
				53B990CD2AA8BFC87184AC0E /* Pods-Miramax Fillms.debug.xcconfig */,
				4758F1EC2A08D665697C22E4 /* Pods-Miramax Fillms.release.xcconfig */,
			);
			path = Pods;
			sourceTree = "<group>";
		};
		ED5BA69E28EB19370030F4B0 /* EntertainmentRankTableViewCell */ = {
			isa = PBXGroup;
			children = (
				ED5BA69F28EB19830030F4B0 /* EntertainmentRankTableViewCell.swift */,
			);
			path = EntertainmentRankTableViewCell;
			sourceTree = "<group>";
		};
		ED7A094C28EC70D30035E099 /* Fonts */ = {
			isa = PBXGroup;
			children = (
				ED7A094D28EC711D0035E099 /* Roboto-Black.ttf */,
				ED7A094F28EC711D0035E099 /* Roboto-Bold.ttf */,
				ED7A095128EC711D0035E099 /* Roboto-Light.ttf */,
				ED7A095028EC711D0035E099 /* Roboto-Medium.ttf */,
				ED7A094E28EC711D0035E099 /* Roboto-Regular.ttf */,
				ED7A095228EC711D0035E099 /* Roboto-Thin.ttf */,
			);
			path = Fonts;
			sourceTree = "<group>";
		};
		ED7A095B28EC84D80035E099 /* EntertainmentListViewController */ = {
			isa = PBXGroup;
			children = (
				ED7A095C28EC84D80035E099 /* EntertainmentListViewModel.swift */,
				ED7A095F28EC84D80035E099 /* EntertainmentListViewController.swift */,
				ED7A095D28EC84D80035E099 /* EntertainmentListViewController.xib */,
				ED7A095E28EC84D80035E099 /* EntertainmentListCoordinator.swift */,
			);
			path = EntertainmentListViewController;
			sourceTree = "<group>";
		};
		ED866E1A28DED7590066E10B /* PersonDetailsViewController */ = {
			isa = PBXGroup;
			children = (
				ED866E1F28DED7AA0066E10B /* PersonDetailsViewModel.swift */,
				ED866E1B28DED76C0066E10B /* PersonDetailsViewController.swift */,
				ED866E1C28DED76C0066E10B /* PersonDetailsViewController.xib */,
				ED866E2128DED8030066E10B /* PersonDetailsCoordinator.swift */,
			);
			path = PersonDetailsViewController;
			sourceTree = "<group>";
		};
		ED866E3D28E01C1B0066E10B /* PersonBiographyViewController */ = {
			isa = PBXGroup;
			children = (
				ED866E4228E01C390066E10B /* PersonBiographyViewModel.swift */,
				ED866E3E28E01C300066E10B /* PersonBiographyViewController.swift */,
				ED866E3F28E01C300066E10B /* PersonBiographyViewController.xib */,
				ED866E4428E01DF60066E10B /* PersonBiographyCoordinator.swift */,
			);
			path = PersonBiographyViewController;
			sourceTree = "<group>";
		};
		ED86E61528C6369800D60351 = {
			isa = PBXGroup;
			children = (
				ED86E62028C6369800D60351 /* Miramax Fillms */,
				ED86E61F28C6369800D60351 /* Products */,
				329DD7FDEB5D70BD74EF3BD5 /* Pods */,
				FE5917F12D77CB7E93DB3BE7 /* Frameworks */,
			);
			sourceTree = "<group>";
		};
		ED86E61F28C6369800D60351 /* Products */ = {
			isa = PBXGroup;
			children = (
				ED86E61E28C6369800D60351 /* Miramax Fillms.app */,
			);
			name = Products;
			sourceTree = "<group>";
		};
		ED86E62028C6369800D60351 /* Miramax Fillms */ = {
			isa = PBXGroup;
			children = (
				EDC6DB1728CF666C00164EBD /* Application */,
				EDC6DB2A28CF70DC00164EBD /* DependencyInjection */,
				EDC6DB1828CF668500164EBD /* Extensions */,
				EDC6DB1528CF664D00164EBD /* GlobalDefine */,
				EDC6DB1A28CF674300164EBD /* Presentation */,
				EDC6DB1928CF669F00164EBD /* Resources */,
				EDA4476A28D431D00037751C /* Utils */,
			);
			path = "Miramax Fillms";
			sourceTree = "<group>";
		};
		EDA4475928D41FE50037751C /* PrimaryButton */ = {
			isa = PBXGroup;
			children = (
				EDA4475A28D41FFC0037751C /* PrimaryButton.swift */,
			);
			path = PrimaryButton;
			sourceTree = "<group>";
		};
		EDA4476A28D431D00037751C /* Utils */ = {
			isa = PBXGroup;
			children = (
				EDE69B6B28D7303D002726B0 /* XCoordinator+Animations */,
				EDA4476B28D431DC0037751C /* AppFonts.swift */,
				EDA4476D28D432350037751C /* AppColors.swift */,
				EDB8781828D8D37C0016B96B /* DataUtils.swift */,
			);
			path = Utils;
			sourceTree = "<group>";
		};
		EDA4477C28D58CF10037751C /* Swinject */ = {
			isa = PBXGroup;
			children = (
				EDA4477D28D58D0E0037751C /* Resolver+resolveOrThrow.swift */,
			);
			path = Swinject;
			sourceTree = "<group>";
		};
		EDA4477F28D591320037751C /* SectionHeaderView */ = {
			isa = PBXGroup;
			children = (
				EDA4478028D591410037751C /* SectionHeaderView.swift */,
				EDA4478428D59B300037751C /* SectionHeaderViewDelegate.swift */,
			);
			path = SectionHeaderView;
			sourceTree = "<group>";
		};
		EDA4478B28D5A74C0037751C /* AppToolbar */ = {
			isa = PBXGroup;
			children = (
				EDA4478C28D5A7640037751C /* AppToolbar.swift */,
				EDA4478E28D5A7740037751C /* AppToolbarDelegate.swift */,
			);
			path = AppToolbar;
			sourceTree = "<group>";
		};
		EDB877FF28D8AA600016B96B /* EntertainmentDetailsViewController */ = {
			isa = PBXGroup;
			children = (
				EDB8780428D8AA7A0016B96B /* EntertainmentDetailsViewModel.swift */,
				EDB8780028D8AA720016B96B /* EntertainmentDetailsViewController.swift */,
				EDB8780128D8AA720016B96B /* EntertainmentDetailsViewController.xib */,
				EDB8780628D8AABB0016B96B /* EntertainmentDetailsCoordinator.swift */,
			);
			path = EntertainmentDetailsViewController;
			sourceTree = "<group>";
		};
		EDC502CE28D377B00047C7C3 /* GenreCollectionViewCell */ = {
			isa = PBXGroup;
			children = (
				EDC502CF28D377CC0047C7C3 /* GenreCollectionViewCell.swift */,
			);
			path = GenreCollectionViewCell;
			sourceTree = "<group>";
		};
		EDC502D628D38E550047C7C3 /* EntertainmentHorizontalCell */ = {
			isa = PBXGroup;
			children = (
				EDC502D728D38EDB0047C7C3 /* EntertainmentHorizontalCell.swift */,
			);
			path = EntertainmentHorizontalCell;
			sourceTree = "<group>";
		};
		EDC502D928D38FD80047C7C3 /* MovieHorizontalListCell */ = {
			isa = PBXGroup;
			children = (
				EDC502DA28D38FEA0047C7C3 /* MovieHorizontalListCell.swift */,
				EDA4475C28D422320037751C /* MovieHorizontalListCellDelegate.swift */,
			);
			path = MovieHorizontalListCell;
			sourceTree = "<group>";
		};
		EDC6DB1528CF664D00164EBD /* GlobalDefine */ = {
			isa = PBXGroup;
			children = (
				ED86E62F28C6369B00D60351 /* Info.plist */,
				EDA4478228D59A090037751C /* Constants.swift */,
				EDD52F5828DA1B2A0078C6C5 /* DimensionConstants.swift */,
			);
			path = GlobalDefine;
			sourceTree = "<group>";
		};
		EDC6DB1728CF666C00164EBD /* Application */ = {
			isa = PBXGroup;
			children = (
				ED86E62128C6369800D60351 /* AppDelegate.swift */,
			);
			path = Application;
			sourceTree = "<group>";
		};
		EDC6DB1828CF668500164EBD /* Extensions */ = {
			isa = PBXGroup;
			children = (
				EDA4477C28D58CF10037751C /* Swinject */,
				EDFAD37728D22EE400ED3BCD /* Rx */,
				EDC502D228D3867B0047C7C3 /* UIColor+Ext.swift */,
				EDE69B4D28D63EBB002726B0 /* UIViewController+Ext.swift */,
				EDE69B4F28D643A6002726B0 /* String+Ext.swift */,
				EDE69B7828D730F3002726B0 /* CGAffineTransform+Ext.swift */,
				EDD52F5628DA14930078C6C5 /* UILabel+Ext.swift */,
				EDD52F8228DB7D4D0078C6C5 /* Date+Ext.swift */,
				ED866E5B28E09AB60066E10B /* UIImageView+Kingfisher.swift */,
				EDE92B7528E307010083F33A /* UIRefreshControl+Ext.swift */,
			);
			path = Extensions;
			sourceTree = "<group>";
		};
		EDC6DB1928CF669F00164EBD /* Resources */ = {
			isa = PBXGroup;
			children = (
				ED7A094C28EC70D30035E099 /* Fonts */,
				ED86E62A28C6369B00D60351 /* Assets.xcassets */,
				EDD52F6628DAC9B70078C6C5 /* Localizable.strings */,
			);
			path = Resources;
			sourceTree = "<group>";
		};
		EDC6DB1A28CF674300164EBD /* Presentation */ = {
			isa = PBXGroup;
			children = (
				EDE92B8328E5D7730083F33A /* Protocols */,
				EDC6DB1F28CF69CD00164EBD /* Base */,
				EDFAD3AF28D3723C00ED3BCD /* Cell */,
				EDC6DB2228CF69FE00164EBD /* Common */,
				EDC6DB3028CF723700164EBD /* Coordinators */,
				EDC6DB2528CF6C1900164EBD /* Scenes */,
				EDFAD3B028D3743A00ED3BCD /* ViewComponents */,
			);
			path = Presentation;
			sourceTree = "<group>";
		};
		EDC6DB1F28CF69CD00164EBD /* Base */ = {
			isa = PBXGroup;
			children = (
				EDC6DB2028CF69DF00164EBD /* BaseViewModel.swift */,
				EDC6DB2628CF6C3300164EBD /* BaseViewController.swift */,
			);
			path = Base;
			sourceTree = "<group>";
		};
		EDC6DB2228CF69FE00164EBD /* Common */ = {
			isa = PBXGroup;
			children = (
				ED1F03AC28EC92360083B088 /* EntertainmentsResponseRoute.swift */,
				EDFAD38228D2387F00ED3BCD /* ViewState.swift */,
			);
			path = Common;
			sourceTree = "<group>";
		};
		EDC6DB2528CF6C1900164EBD /* Scenes */ = {
			isa = PBXGroup;
			children = (
				EDD9A19428E0B91200FBA909 /* GenresViewController */,
				ED866E3D28E01C1B0066E10B /* PersonBiographyViewController */,
				ED866E1A28DED7590066E10B /* PersonDetailsViewController */,
				EDD5301D28DCBBF40078C6C5 /* SeasonDetailsViewController */,
				EDD5300628DC95210078C6C5 /* SeasonsViewController */,
				EDB877FF28D8AA600016B96B /* EntertainmentDetailsViewController */,
				ED7A095B28EC84D80035E099 /* EntertainmentListViewController */,
				EDE69B3F28D6292D002726B0 /* SearchViewController */,
				EDC6DB4328CF98E500164EBD /* MovieViewController */,
				EDE69B7A28D731FB002726B0 /* TVShowViewController */,
				EDC6DB3328CF758100164EBD /* SplashViewController */,
				EDC6DB2D28CF715800164EBD /* MainNavigationController */,
			);
			path = Scenes;
			sourceTree = "<group>";
		};
		EDC6DB2A28CF70DC00164EBD /* DependencyInjection */ = {
			isa = PBXGroup;
			children = (
				EDFAD36F28D2059600ED3BCD /* Assemblers */,
				EDC6DB2B28CF70F500164EBD /* AppDIContainer.swift */,
			);
			path = DependencyInjection;
			sourceTree = "<group>";
		};
		EDC6DB2D28CF715800164EBD /* MainNavigationController */ = {
			isa = PBXGroup;
			children = (
				EDC6DB2E28CF717600164EBD /* MainNavigationController.swift */,
			);
			path = MainNavigationController;
			sourceTree = "<group>";
		};
		EDC6DB3028CF723700164EBD /* Coordinators */ = {
			isa = PBXGroup;
			children = (
				EDC6DB3128CF724A00164EBD /* AppCoordinator.swift */,
				EDC6DB3F28CF92DE00164EBD /* HomeCoordinator.swift */,
			);
			path = Coordinators;
			sourceTree = "<group>";
		};
		EDC6DB3328CF758100164EBD /* SplashViewController */ = {
			isa = PBXGroup;
			children = (
				EDC6DB3428CF759400164EBD /* SplashViewController.swift */,
				EDC6DB3528CF759400164EBD /* SplashViewController.xib */,
				EDC6DB3828CF764500164EBD /* SplashViewModel.swift */,
			);
			path = SplashViewController;
			sourceTree = "<group>";
		};
		EDC6DB4328CF98E500164EBD /* MovieViewController */ = {
			isa = PBXGroup;
			children = (
				EDC6DB4428CF98F800164EBD /* MovieViewController.swift */,
				EDC6DB4528CF98F800164EBD /* MovieViewController.xib */,
				EDC6DB4828CF990900164EBD /* MovieViewModel.swift */,
				EDC6DB4128CF961700164EBD /* MovieCoordinator.swift */,
			);
			path = MovieViewController;
			sourceTree = "<group>";
		};
		EDD52F7928DB6D1F0078C6C5 /* SelfSizingTableView */ = {
			isa = PBXGroup;
			children = (
				EDD52F7A28DB6D260078C6C5 /* SelfSizingTableView.swift */,
			);
			path = SelfSizingTableView;
			sourceTree = "<group>";
		};
		EDD52F7C28DB6EBA0078C6C5 /* SeasonSmallTableViewCell */ = {
			isa = PBXGroup;
			children = (
				EDD52F7D28DB6F0E0078C6C5 /* SeasonSmallTableViewCell.swift */,
			);
			path = SeasonSmallTableViewCell;
			sourceTree = "<group>";
		};
		EDD5300628DC95210078C6C5 /* SeasonsViewController */ = {
			isa = PBXGroup;
			children = (
				EDD5300928DC95740078C6C5 /* SeasonsViewModel.swift */,
				EDD5301128DC97650078C6C5 /* SeasonsViewController.swift */,
				EDD5301228DC97650078C6C5 /* SeasonsViewController.xib */,
				EDD5301528DC99860078C6C5 /* SeasonsCoordinator.swift */,
			);
			path = SeasonsViewController;
			sourceTree = "<group>";
		};
		EDD5301728DCA0300078C6C5 /* SeasonLargeTableViewCell */ = {
			isa = PBXGroup;
			children = (
				EDD5301828DCA03F0078C6C5 /* SeasonLargeTableViewCell.swift */,
			);
			path = SeasonLargeTableViewCell;
			sourceTree = "<group>";
		};
		EDD5301A28DCB6C90078C6C5 /* GradientView */ = {
			isa = PBXGroup;
			children = (
				EDD5301B28DCB6D00078C6C5 /* GradientView.swift */,
			);
			path = GradientView;
			sourceTree = "<group>";
		};
		EDD5301D28DCBBF40078C6C5 /* SeasonDetailsViewController */ = {
			isa = PBXGroup;
			children = (
				EDD5302728DCBDBA0078C6C5 /* SeasonDetailsViewModel.swift */,
				EDD5302328DCBDA50078C6C5 /* SeasonDetailsViewController.swift */,
				EDD5302428DCBDA50078C6C5 /* SeasonDetailsViewController.xib */,
				EDD5302928DCBDC50078C6C5 /* SeasonDetailsCoordinator.swift */,
			);
			path = SeasonDetailsViewController;
			sourceTree = "<group>";
		};
		EDD5302B28DCBFE10078C6C5 /* EpisodeTableViewCell */ = {
			isa = PBXGroup;
			children = (
				EDD5302C28DCC01A0078C6C5 /* EpisodeTableViewCell.swift */,
			);
			path = EpisodeTableViewCell;
			sourceTree = "<group>";
		};
		EDD9A19428E0B91200FBA909 /* GenresViewController */ = {
			isa = PBXGroup;
			children = (
				EDD9A19528E0B92600FBA909 /* GenresViewModel.swift */,
				EDD9A19728E0B93000FBA909 /* GenresViewController.swift */,
				EDD9A19828E0B93000FBA909 /* GenresViewController.xib */,
				EDD9A19B28E0B93A00FBA909 /* GenresCoordinator.swift */,
			);
			path = GenresViewController;
			sourceTree = "<group>";
		};
		EDE69B3728D60DAF002726B0 /* TabLayout */ = {
			isa = PBXGroup;
			children = (
				EDE69B3828D60DBA002726B0 /* TabLayout.swift */,
				EDE69B3A28D60E5B002726B0 /* TabLayoutDelegate.swift */,
			);
			path = TabLayout;
			sourceTree = "<group>";
		};
		EDE69B3F28D6292D002726B0 /* SearchViewController */ = {
			isa = PBXGroup;
			children = (
				EDE69B4028D62943002726B0 /* SearchViewController.swift */,
				EDE69B4128D62943002726B0 /* SearchViewController.xib */,
				EDE69B4428D6294D002726B0 /* SearchViewModel.swift */,
				EDE69B4628D6312F002726B0 /* SearchViewData.swift */,
				EDE69B6928D71464002726B0 /* SearchCoordinator.swift */,
			);
			path = SearchViewController;
			sourceTree = "<group>";
		};
		EDE69B4928D63A31002726B0 /* PersonHorizontalListCell */ = {
			isa = PBXGroup;
			children = (
				EDE69B5128D6BA58002726B0 /* PersonHorizontalListCell.swift */,
				EDE69B5328D6BA66002726B0 /* PersonHorizontalListCellDelegate.swift */,
			);
			path = PersonHorizontalListCell;
			sourceTree = "<group>";
		};
		EDE69B4C28D63A63002726B0 /* PersonHorizontalCell */ = {
			isa = PBXGroup;
			children = (
				EDE69B5728D6BE1A002726B0 /* PersonHorizontalCell.swift */,
			);
			path = PersonHorizontalCell;
			sourceTree = "<group>";
		};
		EDE69B6B28D7303D002726B0 /* XCoordinator+Animations */ = {
			isa = PBXGroup;
			children = (
				EDE69B6C28D7303D002726B0 /* Animation+Swirl.swift */,
				EDE69B6D28D7303D002726B0 /* Animation+Navigation.swift */,
				EDE69B6E28D7303D002726B0 /* Animation+Modal.swift */,
				EDE69B6F28D7303D002726B0 /* Animation+Fade.swift */,
				EDE69B7028D7303D002726B0 /* Animation+Scale.swift */,
				EDE69B7628D73078002726B0 /* TransitionAnimation+Defaults.swift */,
			);
			path = "XCoordinator+Animations";
			sourceTree = "<group>";
		};
		EDE69B7A28D731FB002726B0 /* TVShowViewController */ = {
			isa = PBXGroup;
			children = (
				EDE69B7B28D73214002726B0 /* TVShowViewController.swift */,
				EDE69B7C28D73214002726B0 /* TVShowViewController.xib */,
				EDE69B7F28D7321F002726B0 /* TVShowViewModel.swift */,
				EDE69B8128D732A1002726B0 /* TVShowCoordinator.swift */,
			);
			path = TVShowViewController;
			sourceTree = "<group>";
		};
		EDE92B6228E28EEC0083F33A /* EntertainmentPreviewCollectionViewCell */ = {
			isa = PBXGroup;
			children = (
				EDE92B6328E28F170083F33A /* EntertainmentPreviewCollectionViewCell.swift */,
			);
			path = EntertainmentPreviewCollectionViewCell;
			sourceTree = "<group>";
		};
		EDE92B6E28E2DAD80083F33A /* InfiniteCollectionView */ = {
			isa = PBXGroup;
			children = (
			);
			path = InfiniteCollectionView;
			sourceTree = "<group>";
		};
		EDE92B7228E3017A0083F33A /* DefaultRefreshControl */ = {
			isa = PBXGroup;
			children = (
				EDE92B7328E301820083F33A /* DefaultRefreshControl.swift */,
			);
			path = DefaultRefreshControl;
			sourceTree = "<group>";
		};
		EDE92B7928E32C9D0083F33A /* EntertainmentDetailCollectionViewCell */ = {
			isa = PBXGroup;
			children = (
				EDE92B7728E32C930083F33A /* EntertainmentDetailCollectionViewCell.swift */,
			);
			path = EntertainmentDetailCollectionViewCell;
			sourceTree = "<group>";
		};
		EDE92B7A28E350580083F33A /* ColumnFlowLayout */ = {
			isa = PBXGroup;
			children = (
				EDE92B7B28E350650083F33A /* ColumnFlowLayout.swift */,
			);
			path = ColumnFlowLayout;
			sourceTree = "<group>";
		};
		EDE92B8328E5D7730083F33A /* Protocols */ = {
			isa = PBXGroup;
			children = (
				EDC6DB2328CF6A0800164EBD /* ViewModelType.swift */,
				EDE92B8428E5D7CC0083F33A /* ErrorRetryable.swift */,
				EDE92B8928E5DD3D0083F33A /* Displayable.swift */,
				EDE92B8E28E5EB3F0083F33A /* LoadingDisplayable.swift */,
				EDE92B9028E5F4A20083F33A /* Shareable.swift */,
				EDE92B9528E5F7CE0083F33A /* Searchable.swift */,
			);
			path = Protocols;
			sourceTree = "<group>";
		};
		EDE92B8628E5D9680083F33A /* ErrorRetryView */ = {
			isa = PBXGroup;
			children = (
				EDE92B8728E5D97E0083F33A /* ErrorRetryView.swift */,
			);
			path = ErrorRetryView;
			sourceTree = "<group>";
		};
		EDE92B8B28E5EA2E0083F33A /* LoadingView */ = {
			isa = PBXGroup;
			children = (
				EDE92B8C28E5EA3B0083F33A /* LoadingView.swift */,
			);
			path = LoadingView;
			sourceTree = "<group>";
		};
		EDE92B9228E5F50E0083F33A /* ShareButton */ = {
			isa = PBXGroup;
			children = (
				EDE92B9328E5F5420083F33A /* ShareButton.swift */,
			);
			path = ShareButton;
			sourceTree = "<group>";
		};
		EDE92B9728E5F7E90083F33A /* SearchButton */ = {
			isa = PBXGroup;
			children = (
				EDE92B9828E5F7F10083F33A /* SearchButton.swift */,
			);
			path = SearchButton;
			sourceTree = "<group>";
		};
		EDE92D2E28E9822F0083F33A /* SelfieWithMovieView */ = {
			isa = PBXGroup;
			children = (
				EDE92D2F28E9823D0083F33A /* SelfieWithMovieView.swift */,
			);
			path = SelfieWithMovieView;
			sourceTree = "<group>";
		};
		EDE92D3128E98A430083F33A /* SelfSizingCollectionView */ = {
			isa = PBXGroup;
			children = (
				EDE92D3228E98A4B0083F33A /* SelfSizingCollectionView.swift */,
			);
			path = SelfSizingCollectionView;
			sourceTree = "<group>";
		};
		EDFAD36F28D2059600ED3BCD /* Assemblers */ = {
			isa = PBXGroup;
			children = (
				EDFAD39D28D30E7200ED3BCD /* DataSourceAssembly.swift */,
				EDFAD37228D2073600ED3BCD /* NetworkAssembly.swift */,
				EDFAD3A628D3149500ED3BCD /* ProviderAssembly.swift */,
			);
			path = Assemblers;
			sourceTree = "<group>";
		};
		EDFAD37728D22EE400ED3BCD /* Rx */ = {
			isa = PBXGroup;
			children = (
				EDFAD37828D22EEF00ED3BCD /* ErrorTracker.swift */,
				EDFAD37A28D22F0E00ED3BCD /* ActivityTracker.swift */,
				EDFAD37C28D22FD300ED3BCD /* Rx+Map.swift */,
				EDFAD37E28D2309C00ED3BCD /* NSObject+Rx.swift */,
				EDFAD38028D230C200ED3BCD /* HasDisposeBag.swift */,
				EDC502D428D38C2D0047C7C3 /* Rx+asDriver.swift */,
			);
			path = Rx;
			sourceTree = "<group>";
		};
		EDFAD3AF28D3723C00ED3BCD /* Cell */ = {
			isa = PBXGroup;
			children = (
				ED5BA69E28EB19370030F4B0 /* EntertainmentRankTableViewCell */,
				EDE92B7928E32C9D0083F33A /* EntertainmentDetailCollectionViewCell */,
				EDE92B6228E28EEC0083F33A /* EntertainmentPreviewCollectionViewCell */,
				EDC502D628D38E550047C7C3 /* EntertainmentHorizontalCell */,
				EDC502D928D38FD80047C7C3 /* MovieHorizontalListCell */,
				EDD5302B28DCBFE10078C6C5 /* EpisodeTableViewCell */,
				EDD5301728DCA0300078C6C5 /* SeasonLargeTableViewCell */,
				EDD52F7C28DB6EBA0078C6C5 /* SeasonSmallTableViewCell */,
				EDE69B4928D63A31002726B0 /* PersonHorizontalListCell */,
				EDE69B4C28D63A63002726B0 /* PersonHorizontalCell */,
				EDC502CE28D377B00047C7C3 /* GenreCollectionViewCell */,
			);
			path = Cell;
			sourceTree = "<group>";
		};
		EDFAD3B028D3743A00ED3BCD /* ViewComponents */ = {
			isa = PBXGroup;
			children = (
				EDD52F7928DB6D1F0078C6C5 /* SelfSizingTableView */,
				EDE92D3128E98A430083F33A /* SelfSizingCollectionView */,
				EDE92D2E28E9822F0083F33A /* SelfieWithMovieView */,
				EDE92B9728E5F7E90083F33A /* SearchButton */,
				EDE92B9228E5F50E0083F33A /* ShareButton */,
				EDE92B8B28E5EA2E0083F33A /* LoadingView */,
				EDE92B8628E5D9680083F33A /* ErrorRetryView */,
				EDE92B7A28E350580083F33A /* ColumnFlowLayout */,
				EDE92B7228E3017A0083F33A /* DefaultRefreshControl */,
				EDE92B6E28E2DAD80083F33A /* InfiniteCollectionView */,
				EDD5301A28DCB6C90078C6C5 /* GradientView */,
				EDE69B3728D60DAF002726B0 /* TabLayout */,
				EDA4478B28D5A74C0037751C /* AppToolbar */,
				EDA4477F28D591320037751C /* SectionHeaderView */,
				EDA4475928D41FE50037751C /* PrimaryButton */,
				EDFAD3B128D3745400ED3BCD /* GridCollectionViewLayout */,
			);
			path = ViewComponents;
			sourceTree = "<group>";
		};
		EDFAD3B128D3745400ED3BCD /* GridCollectionViewLayout */ = {
			isa = PBXGroup;
			children = (
				EDFAD3B228D3745D00ED3BCD /* GridCollectionViewLayout.swift */,
			);
			path = GridCollectionViewLayout;
			sourceTree = "<group>";
		};
		FE5917F12D77CB7E93DB3BE7 /* Frameworks */ = {
			isa = PBXGroup;
			children = (
				EDE92D2628E6DB130083F33A /* Data.framework */,
				EDE92D2728E6DB130083F33A /* Domain.framework */,
				2C90E95A357C070699EC3983 /* Pods_Miramax_Fillms.framework */,
			);
			name = Frameworks;
			sourceTree = "<group>";
		};
/* End PBXGroup section */

/* Begin PBXNativeTarget section */
		ED86E61D28C6369800D60351 /* Miramax Fillms */ = {
			isa = PBXNativeTarget;
			buildConfigurationList = ED86E63228C6369B00D60351 /* Build configuration list for PBXNativeTarget "Miramax Fillms" */;
			buildPhases = (
				D36C0E2DB537BBC51662529E /* [CP] Check Pods Manifest.lock */,
				ED86E61A28C6369800D60351 /* Sources */,
				ED86E61B28C6369800D60351 /* Frameworks */,
				ED86E61C28C6369800D60351 /* Resources */,
				8163624D96F2F416EFB74BFE /* [CP] Embed Pods Frameworks */,
				EDE92D2C28E6DB130083F33A /* Embed Frameworks */,
			);
			buildRules = (
			);
			dependencies = (
			);
			name = "Miramax Fillms";
			productName = "Miramax Fillms";
			productReference = ED86E61E28C6369800D60351 /* Miramax Fillms.app */;
			productType = "com.apple.product-type.application";
		};
/* End PBXNativeTarget section */

/* Begin PBXProject section */
		ED86E61628C6369800D60351 /* Project object */ = {
			isa = PBXProject;
			attributes = {
				BuildIndependentTargetsInParallel = 1;
				LastSwiftUpdateCheck = 1340;
				LastUpgradeCheck = 1340;
				TargetAttributes = {
					ED86E61D28C6369800D60351 = {
						CreatedOnToolsVersion = 13.4;
					};
				};
			};
			buildConfigurationList = ED86E61928C6369800D60351 /* Build configuration list for PBXProject "Miramax Fillms" */;
			compatibilityVersion = "Xcode 13.0";
			developmentRegion = en;
			hasScannedForEncodings = 0;
			knownRegions = (
				en,
				Base,
			);
			mainGroup = ED86E61528C6369800D60351;
			productRefGroup = ED86E61F28C6369800D60351 /* Products */;
			projectDirPath = "";
			projectRoot = "";
			targets = (
				ED86E61D28C6369800D60351 /* Miramax Fillms */,
			);
		};
/* End PBXProject section */

/* Begin PBXResourcesBuildPhase section */
		ED86E61C28C6369800D60351 /* Resources */ = {
			isa = PBXResourcesBuildPhase;
			buildActionMask = 2147483647;
			files = (
				ED7A095528EC71370035E099 /* Roboto-Medium.ttf in Resources */,
				ED7A095328EC71370035E099 /* Roboto-Bold.ttf in Resources */,
				EDD9A19A28E0B93000FBA909 /* GenresViewController.xib in Resources */,
				EDC6DB4728CF98F800164EBD /* MovieViewController.xib in Resources */,
				EDC6DB3728CF759400164EBD /* SplashViewController.xib in Resources */,
				ED7A095628EC71370035E099 /* Roboto-Black.ttf in Resources */,
				EDD5301428DC97650078C6C5 /* SeasonsViewController.xib in Resources */,
				ED866E4128E01C300066E10B /* PersonBiographyViewController.xib in Resources */,
				ED7A095728EC71370035E099 /* Roboto-Light.ttf in Resources */,
				ED7A096128EC84D80035E099 /* EntertainmentListViewController.xib in Resources */,
				EDE69B4328D62943002726B0 /* SearchViewController.xib in Resources */,
				EDE69B7E28D73214002726B0 /* TVShowViewController.xib in Resources */,
				EDB8780328D8AA720016B96B /* EntertainmentDetailsViewController.xib in Resources */,
				EDD5302628DCBDA50078C6C5 /* SeasonDetailsViewController.xib in Resources */,
				ED7A095828EC71370035E099 /* Roboto-Thin.ttf in Resources */,
				EDD52F6728DAC9B70078C6C5 /* Localizable.strings in Resources */,
				ED7A095428EC71370035E099 /* Roboto-Regular.ttf in Resources */,
				ED86E62B28C6369B00D60351 /* Assets.xcassets in Resources */,
				ED866E1E28DED76C0066E10B /* PersonDetailsViewController.xib in Resources */,
			);
			runOnlyForDeploymentPostprocessing = 0;
		};
/* End PBXResourcesBuildPhase section */

/* Begin PBXShellScriptBuildPhase section */
		8163624D96F2F416EFB74BFE /* [CP] Embed Pods Frameworks */ = {
			isa = PBXShellScriptBuildPhase;
			buildActionMask = 2147483647;
			files = (
			);
			inputFileListPaths = (
				"${PODS_ROOT}/Target Support Files/Pods-Miramax Fillms/Pods-Miramax Fillms-frameworks-${CONFIGURATION}-input-files.xcfilelist",
			);
			name = "[CP] Embed Pods Frameworks";
			outputFileListPaths = (
				"${PODS_ROOT}/Target Support Files/Pods-Miramax Fillms/Pods-Miramax Fillms-frameworks-${CONFIGURATION}-output-files.xcfilelist",
			);
			runOnlyForDeploymentPostprocessing = 0;
			shellPath = /bin/sh;
			shellScript = "\"${PODS_ROOT}/Target Support Files/Pods-Miramax Fillms/Pods-Miramax Fillms-frameworks.sh\"\n";
			showEnvVarsInLog = 0;
		};
		D36C0E2DB537BBC51662529E /* [CP] Check Pods Manifest.lock */ = {
			isa = PBXShellScriptBuildPhase;
			buildActionMask = 2147483647;
			files = (
			);
			inputFileListPaths = (
			);
			inputPaths = (
				"${PODS_PODFILE_DIR_PATH}/Podfile.lock",
				"${PODS_ROOT}/Manifest.lock",
			);
			name = "[CP] Check Pods Manifest.lock";
			outputFileListPaths = (
			);
			outputPaths = (
				"$(DERIVED_FILE_DIR)/Pods-Miramax Fillms-checkManifestLockResult.txt",
			);
			runOnlyForDeploymentPostprocessing = 0;
			shellPath = /bin/sh;
			shellScript = "diff \"${PODS_PODFILE_DIR_PATH}/Podfile.lock\" \"${PODS_ROOT}/Manifest.lock\" > /dev/null\nif [ $? != 0 ] ; then\n    # print error to STDERR\n    echo \"error: The sandbox is not in sync with the Podfile.lock. Run 'pod install' or update your CocoaPods installation.\" >&2\n    exit 1\nfi\n# This output is used by Xcode 'outputs' to avoid re-running this script phase.\necho \"SUCCESS\" > \"${SCRIPT_OUTPUT_FILE_0}\"\n";
			showEnvVarsInLog = 0;
		};
/* End PBXShellScriptBuildPhase section */

/* Begin PBXSourcesBuildPhase section */
		ED86E61A28C6369800D60351 /* Sources */ = {
			isa = PBXSourcesBuildPhase;
			buildActionMask = 2147483647;
			files = (
				EDE92B8828E5D97E0083F33A /* ErrorRetryView.swift in Sources */,
				EDE69B4728D6312F002726B0 /* SearchViewData.swift in Sources */,
				ED7A096028EC84D80035E099 /* EntertainmentListViewModel.swift in Sources */,
				EDC6DB4228CF961700164EBD /* MovieCoordinator.swift in Sources */,
				EDB8781928D8D37C0016B96B /* DataUtils.swift in Sources */,
				EDE69B5828D6BE1A002726B0 /* PersonHorizontalCell.swift in Sources */,
				EDB8780228D8AA720016B96B /* EntertainmentDetailsViewController.swift in Sources */,
				EDA4478528D59B300037751C /* SectionHeaderViewDelegate.swift in Sources */,
				EDFAD37D28D22FD300ED3BCD /* Rx+Map.swift in Sources */,
				EDC6DB4628CF98F800164EBD /* MovieViewController.swift in Sources */,
				EDE69B8028D7321F002726B0 /* TVShowViewModel.swift in Sources */,
				ED866E4028E01C300066E10B /* PersonBiographyViewController.swift in Sources */,
				EDE92B6428E28F170083F33A /* EntertainmentPreviewCollectionViewCell.swift in Sources */,
				EDD5300A28DC95740078C6C5 /* SeasonsViewModel.swift in Sources */,
				EDA4478D28D5A7640037751C /* AppToolbar.swift in Sources */,
				EDD52F8328DB7D4D0078C6C5 /* Date+Ext.swift in Sources */,
				EDC502DB28D38FEA0047C7C3 /* MovieHorizontalListCell.swift in Sources */,
				EDE69B5028D643A6002726B0 /* String+Ext.swift in Sources */,
				EDC6DB2728CF6C3300164EBD /* BaseViewController.swift in Sources */,
				EDE69B4528D6294D002726B0 /* SearchViewModel.swift in Sources */,
				EDA4478F28D5A7740037751C /* AppToolbarDelegate.swift in Sources */,
				EDD5302A28DCBDC50078C6C5 /* SeasonDetailsCoordinator.swift in Sources */,
				EDD52F5728DA14930078C6C5 /* UILabel+Ext.swift in Sources */,
				ED866E4328E01C390066E10B /* PersonBiographyViewModel.swift in Sources */,
				EDA4476C28D431DC0037751C /* AppFonts.swift in Sources */,
				ED866E1D28DED76C0066E10B /* PersonDetailsViewController.swift in Sources */,
				EDD5301C28DCB6D00078C6C5 /* GradientView.swift in Sources */,
				ED866E2228DED8030066E10B /* PersonDetailsCoordinator.swift in Sources */,
				EDA4477E28D58D0E0037751C /* Resolver+resolveOrThrow.swift in Sources */,
				EDE92B9428E5F5420083F33A /* ShareButton.swift in Sources */,
				EDFAD3B328D3745D00ED3BCD /* GridCollectionViewLayout.swift in Sources */,
				EDE92D3328E98A4B0083F33A /* SelfSizingCollectionView.swift in Sources */,
				EDD5301628DC99860078C6C5 /* SeasonsCoordinator.swift in Sources */,
				ED5BA6A028EB19830030F4B0 /* EntertainmentRankTableViewCell.swift in Sources */,
				EDA4475D28D422320037751C /* MovieHorizontalListCellDelegate.swift in Sources */,
				EDE92B8F28E5EB3F0083F33A /* LoadingDisplayable.swift in Sources */,
				EDE69B7D28D73214002726B0 /* TVShowViewController.swift in Sources */,
				EDB8780728D8AABB0016B96B /* EntertainmentDetailsCoordinator.swift in Sources */,
				EDA4478128D591410037751C /* SectionHeaderView.swift in Sources */,
				ED866E4528E01DF60066E10B /* PersonBiographyCoordinator.swift in Sources */,
				EDC6DB2428CF6A0800164EBD /* ViewModelType.swift in Sources */,
				EDE69B4E28D63EBB002726B0 /* UIViewController+Ext.swift in Sources */,
				EDE69B7228D7303D002726B0 /* Animation+Navigation.swift in Sources */,
				EDE92B9628E5F7CE0083F33A /* Searchable.swift in Sources */,
				EDD5301328DC97650078C6C5 /* SeasonsViewController.swift in Sources */,
				EDC6DB2C28CF70F500164EBD /* AppDIContainer.swift in Sources */,
				EDD9A19628E0B92600FBA909 /* GenresViewModel.swift in Sources */,
				EDD9A19C28E0B93A00FBA909 /* GenresCoordinator.swift in Sources */,
				EDE92B9128E5F4A20083F33A /* Shareable.swift in Sources */,
				EDC6DB3628CF759400164EBD /* SplashViewController.swift in Sources */,
				EDD5302D28DCC01A0078C6C5 /* EpisodeTableViewCell.swift in Sources */,
				EDD5301928DCA03F0078C6C5 /* SeasonLargeTableViewCell.swift in Sources */,
				EDD5302828DCBDBA0078C6C5 /* SeasonDetailsViewModel.swift in Sources */,
				EDC502D828D38EDB0047C7C3 /* EntertainmentHorizontalCell.swift in Sources */,
				EDE92B7828E32C930083F33A /* EntertainmentDetailCollectionViewCell.swift in Sources */,
				EDE92B8A28E5DD3D0083F33A /* Displayable.swift in Sources */,
				EDE69B7528D7303D002726B0 /* Animation+Scale.swift in Sources */,
				EDE92D3028E9823D0083F33A /* SelfieWithMovieView.swift in Sources */,
				ED86E62228C6369800D60351 /* AppDelegate.swift in Sources */,
				EDE69B5428D6BA66002726B0 /* PersonHorizontalListCellDelegate.swift in Sources */,
				EDE69B3B28D60E5B002726B0 /* TabLayoutDelegate.swift in Sources */,
				EDA4478328D59A090037751C /* Constants.swift in Sources */,
				EDFAD3A728D3149500ED3BCD /* ProviderAssembly.swift in Sources */,
				EDFAD38328D2387F00ED3BCD /* ViewState.swift in Sources */,
				EDE92B7C28E350650083F33A /* ColumnFlowLayout.swift in Sources */,
				EDE69B7328D7303D002726B0 /* Animation+Modal.swift in Sources */,
				EDFAD39E28D30E7200ED3BCD /* DataSourceAssembly.swift in Sources */,
				EDC502D328D3867B0047C7C3 /* UIColor+Ext.swift in Sources */,
				EDC502D028D377CC0047C7C3 /* GenreCollectionViewCell.swift in Sources */,
				EDE69B7128D7303D002726B0 /* Animation+Swirl.swift in Sources */,
				EDE69B4228D62943002726B0 /* SearchViewController.swift in Sources */,
				EDFAD37F28D2309C00ED3BCD /* NSObject+Rx.swift in Sources */,
				EDFAD38128D230C200ED3BCD /* HasDisposeBag.swift in Sources */,
				EDC6DB4028CF92DE00164EBD /* HomeCoordinator.swift in Sources */,
				EDD52F7B28DB6D260078C6C5 /* SelfSizingTableView.swift in Sources */,
				EDC6DB3928CF764500164EBD /* SplashViewModel.swift in Sources */,
				EDD52F7E28DB6F0E0078C6C5 /* SeasonSmallTableViewCell.swift in Sources */,
				EDC6DB4928CF990900164EBD /* MovieViewModel.swift in Sources */,
				EDC6DB3228CF724A00164EBD /* AppCoordinator.swift in Sources */,
				EDE69B7428D7303D002726B0 /* Animation+Fade.swift in Sources */,
				EDE69B7928D730F3002726B0 /* CGAffineTransform+Ext.swift in Sources */,
				EDB8780528D8AA7A0016B96B /* EntertainmentDetailsViewModel.swift in Sources */,
				ED1F03AD28EC92360083B088 /* EntertainmentsResponseRoute.swift in Sources */,
				EDD52F5928DA1B2A0078C6C5 /* DimensionConstants.swift in Sources */,
				EDE92B9928E5F7F10083F33A /* SearchButton.swift in Sources */,
				EDA4476E28D432350037751C /* AppColors.swift in Sources */,
				EDD9A19928E0B93000FBA909 /* GenresViewController.swift in Sources */,
				EDE92B8528E5D7CC0083F33A /* ErrorRetryable.swift in Sources */,
				EDC502D528D38C2D0047C7C3 /* Rx+asDriver.swift in Sources */,
				EDE69B8228D732A1002726B0 /* TVShowCoordinator.swift in Sources */,
				EDFAD37928D22EEF00ED3BCD /* ErrorTracker.swift in Sources */,
				ED866E5C28E09AB60066E10B /* UIImageView+Kingfisher.swift in Sources */,
				EDFAD37B28D22F0E00ED3BCD /* ActivityTracker.swift in Sources */,
				EDA4475B28D41FFC0037751C /* PrimaryButton.swift in Sources */,
				EDFAD37328D2073600ED3BCD /* NetworkAssembly.swift in Sources */,
				EDC6DB2F28CF717600164EBD /* MainNavigationController.swift in Sources */,
				EDE69B7728D73078002726B0 /* TransitionAnimation+Defaults.swift in Sources */,
				EDE92B7428E301820083F33A /* DefaultRefreshControl.swift in Sources */,
				EDE69B3928D60DBA002726B0 /* TabLayout.swift in Sources */,
				ED7A096328EC84D80035E099 /* EntertainmentListViewController.swift in Sources */,
				ED866E2028DED7AA0066E10B /* PersonDetailsViewModel.swift in Sources */,
				EDE92B8D28E5EA3B0083F33A /* LoadingView.swift in Sources */,
				EDE69B5228D6BA58002726B0 /* PersonHorizontalListCell.swift in Sources */,
				EDD5302528DCBDA50078C6C5 /* SeasonDetailsViewController.swift in Sources */,
				EDE92B7628E307010083F33A /* UIRefreshControl+Ext.swift in Sources */,
				ED7A096228EC84D80035E099 /* EntertainmentListCoordinator.swift in Sources */,
				EDE69B6A28D71464002726B0 /* SearchCoordinator.swift in Sources */,
				EDC6DB2128CF69DF00164EBD /* BaseViewModel.swift in Sources */,
			);
			runOnlyForDeploymentPostprocessing = 0;
		};
/* End PBXSourcesBuildPhase section */

/* Begin XCBuildConfiguration section */
		ED86E63028C6369B00D60351 /* Debug */ = {
			isa = XCBuildConfiguration;
			buildSettings = {
				ALWAYS_SEARCH_USER_PATHS = NO;
				CLANG_ANALYZER_NONNULL = YES;
				CLANG_ANALYZER_NUMBER_OBJECT_CONVERSION = YES_AGGRESSIVE;
				CLANG_CXX_LANGUAGE_STANDARD = "gnu++17";
				CLANG_ENABLE_MODULES = YES;
				CLANG_ENABLE_OBJC_ARC = YES;
				CLANG_ENABLE_OBJC_WEAK = YES;
				CLANG_WARN_BLOCK_CAPTURE_AUTORELEASING = YES;
				CLANG_WARN_BOOL_CONVERSION = YES;
				CLANG_WARN_COMMA = YES;
				CLANG_WARN_CONSTANT_CONVERSION = YES;
				CLANG_WARN_DEPRECATED_OBJC_IMPLEMENTATIONS = YES;
				CLANG_WARN_DIRECT_OBJC_ISA_USAGE = YES_ERROR;
				CLANG_WARN_DOCUMENTATION_COMMENTS = YES;
				CLANG_WARN_EMPTY_BODY = YES;
				CLANG_WARN_ENUM_CONVERSION = YES;
				CLANG_WARN_INFINITE_RECURSION = YES;
				CLANG_WARN_INT_CONVERSION = YES;
				CLANG_WARN_NON_LITERAL_NULL_CONVERSION = YES;
				CLANG_WARN_OBJC_IMPLICIT_RETAIN_SELF = YES;
				CLANG_WARN_OBJC_LITERAL_CONVERSION = YES;
				CLANG_WARN_OBJC_ROOT_CLASS = YES_ERROR;
				CLANG_WARN_QUOTED_INCLUDE_IN_FRAMEWORK_HEADER = YES;
				CLANG_WARN_RANGE_LOOP_ANALYSIS = YES;
				CLANG_WARN_STRICT_PROTOTYPES = YES;
				CLANG_WARN_SUSPICIOUS_MOVE = YES;
				CLANG_WARN_UNGUARDED_AVAILABILITY = YES_AGGRESSIVE;
				CLANG_WARN_UNREACHABLE_CODE = YES;
				CLANG_WARN__DUPLICATE_METHOD_MATCH = YES;
				COPY_PHASE_STRIP = NO;
				DEBUG_INFORMATION_FORMAT = dwarf;
				ENABLE_STRICT_OBJC_MSGSEND = YES;
				ENABLE_TESTABILITY = YES;
				GCC_C_LANGUAGE_STANDARD = gnu11;
				GCC_DYNAMIC_NO_PIC = NO;
				GCC_NO_COMMON_BLOCKS = YES;
				GCC_OPTIMIZATION_LEVEL = 0;
				GCC_PREPROCESSOR_DEFINITIONS = (
					"DEBUG=1",
					"$(inherited)",
				);
				GCC_WARN_64_TO_32_BIT_CONVERSION = YES;
				GCC_WARN_ABOUT_RETURN_TYPE = YES_ERROR;
				GCC_WARN_UNDECLARED_SELECTOR = YES;
				GCC_WARN_UNINITIALIZED_AUTOS = YES_AGGRESSIVE;
				GCC_WARN_UNUSED_FUNCTION = YES;
				GCC_WARN_UNUSED_VARIABLE = YES;
				IPHONEOS_DEPLOYMENT_TARGET = 15.5;
				MTL_ENABLE_DEBUG_INFO = INCLUDE_SOURCE;
				MTL_FAST_MATH = YES;
				ONLY_ACTIVE_ARCH = YES;
				SDKROOT = iphoneos;
				SWIFT_ACTIVE_COMPILATION_CONDITIONS = DEBUG;
				SWIFT_OPTIMIZATION_LEVEL = "-Onone";
			};
			name = Debug;
		};
		ED86E63128C6369B00D60351 /* Release */ = {
			isa = XCBuildConfiguration;
			buildSettings = {
				ALWAYS_SEARCH_USER_PATHS = NO;
				CLANG_ANALYZER_NONNULL = YES;
				CLANG_ANALYZER_NUMBER_OBJECT_CONVERSION = YES_AGGRESSIVE;
				CLANG_CXX_LANGUAGE_STANDARD = "gnu++17";
				CLANG_ENABLE_MODULES = YES;
				CLANG_ENABLE_OBJC_ARC = YES;
				CLANG_ENABLE_OBJC_WEAK = YES;
				CLANG_WARN_BLOCK_CAPTURE_AUTORELEASING = YES;
				CLANG_WARN_BOOL_CONVERSION = YES;
				CLANG_WARN_COMMA = YES;
				CLANG_WARN_CONSTANT_CONVERSION = YES;
				CLANG_WARN_DEPRECATED_OBJC_IMPLEMENTATIONS = YES;
				CLANG_WARN_DIRECT_OBJC_ISA_USAGE = YES_ERROR;
				CLANG_WARN_DOCUMENTATION_COMMENTS = YES;
				CLANG_WARN_EMPTY_BODY = YES;
				CLANG_WARN_ENUM_CONVERSION = YES;
				CLANG_WARN_INFINITE_RECURSION = YES;
				CLANG_WARN_INT_CONVERSION = YES;
				CLANG_WARN_NON_LITERAL_NULL_CONVERSION = YES;
				CLANG_WARN_OBJC_IMPLICIT_RETAIN_SELF = YES;
				CLANG_WARN_OBJC_LITERAL_CONVERSION = YES;
				CLANG_WARN_OBJC_ROOT_CLASS = YES_ERROR;
				CLANG_WARN_QUOTED_INCLUDE_IN_FRAMEWORK_HEADER = YES;
				CLANG_WARN_RANGE_LOOP_ANALYSIS = YES;
				CLANG_WARN_STRICT_PROTOTYPES = YES;
				CLANG_WARN_SUSPICIOUS_MOVE = YES;
				CLANG_WARN_UNGUARDED_AVAILABILITY = YES_AGGRESSIVE;
				CLANG_WARN_UNREACHABLE_CODE = YES;
				CLANG_WARN__DUPLICATE_METHOD_MATCH = YES;
				COPY_PHASE_STRIP = NO;
				DEBUG_INFORMATION_FORMAT = "dwarf-with-dsym";
				ENABLE_NS_ASSERTIONS = NO;
				ENABLE_STRICT_OBJC_MSGSEND = YES;
				GCC_C_LANGUAGE_STANDARD = gnu11;
				GCC_NO_COMMON_BLOCKS = YES;
				GCC_WARN_64_TO_32_BIT_CONVERSION = YES;
				GCC_WARN_ABOUT_RETURN_TYPE = YES_ERROR;
				GCC_WARN_UNDECLARED_SELECTOR = YES;
				GCC_WARN_UNINITIALIZED_AUTOS = YES_AGGRESSIVE;
				GCC_WARN_UNUSED_FUNCTION = YES;
				GCC_WARN_UNUSED_VARIABLE = YES;
				IPHONEOS_DEPLOYMENT_TARGET = 15.5;
				MTL_ENABLE_DEBUG_INFO = NO;
				MTL_FAST_MATH = YES;
				SDKROOT = iphoneos;
				SWIFT_COMPILATION_MODE = wholemodule;
				SWIFT_OPTIMIZATION_LEVEL = "-O";
				VALIDATE_PRODUCT = YES;
			};
			name = Release;
		};
		ED86E63328C6369B00D60351 /* Debug */ = {
			isa = XCBuildConfiguration;
			baseConfigurationReference = 53B990CD2AA8BFC87184AC0E /* Pods-Miramax Fillms.debug.xcconfig */;
			buildSettings = {
				ASSETCATALOG_COMPILER_APPICON_NAME = AppIcon;
				ASSETCATALOG_COMPILER_GLOBAL_ACCENT_COLOR_NAME = AccentColor;
				CODE_SIGN_STYLE = Automatic;
				CURRENT_PROJECT_VERSION = 1;
				GENERATE_INFOPLIST_FILE = YES;
				INFOPLIST_FILE = "Miramax Fillms/GlobalDefine/Info.plist";
				INFOPLIST_KEY_UIApplicationSupportsIndirectInputEvents = YES;
				INFOPLIST_KEY_UILaunchStoryboardName = LaunchScreen;
				INFOPLIST_KEY_UISupportedInterfaceOrientations = UIInterfaceOrientationPortrait;
				INFOPLIST_KEY_UISupportedInterfaceOrientations_iPad = "UIInterfaceOrientationPortrait UIInterfaceOrientationPortraitUpsideDown UIInterfaceOrientationLandscapeLeft UIInterfaceOrientationLandscapeRight";
				INFOPLIST_KEY_UISupportedInterfaceOrientations_iPhone = "UIInterfaceOrientationPortrait UIInterfaceOrientationLandscapeLeft UIInterfaceOrientationLandscapeRight";
				IPHONEOS_DEPLOYMENT_TARGET = 11.2;
				LD_RUNPATH_SEARCH_PATHS = (
					"$(inherited)",
					"@executable_path/Frameworks",
				);
				MARKETING_VERSION = 1.0;
				PRODUCT_BUNDLE_IDENTIFIER = "com.chotchachi.Miramax-Fillms";
				PRODUCT_NAME = "$(TARGET_NAME)";
				SWIFT_EMIT_LOC_STRINGS = YES;
				SWIFT_VERSION = 5.0;
				TARGETED_DEVICE_FAMILY = "1,2";
			};
			name = Debug;
		};
		ED86E63428C6369B00D60351 /* Release */ = {
			isa = XCBuildConfiguration;
			baseConfigurationReference = 4758F1EC2A08D665697C22E4 /* Pods-Miramax Fillms.release.xcconfig */;
			buildSettings = {
				ASSETCATALOG_COMPILER_APPICON_NAME = AppIcon;
				ASSETCATALOG_COMPILER_GLOBAL_ACCENT_COLOR_NAME = AccentColor;
				CODE_SIGN_STYLE = Automatic;
				CURRENT_PROJECT_VERSION = 1;
				GENERATE_INFOPLIST_FILE = YES;
				INFOPLIST_FILE = "Miramax Fillms/GlobalDefine/Info.plist";
				INFOPLIST_KEY_UIApplicationSupportsIndirectInputEvents = YES;
				INFOPLIST_KEY_UILaunchStoryboardName = LaunchScreen;
				INFOPLIST_KEY_UISupportedInterfaceOrientations = UIInterfaceOrientationPortrait;
				INFOPLIST_KEY_UISupportedInterfaceOrientations_iPad = "UIInterfaceOrientationPortrait UIInterfaceOrientationPortraitUpsideDown UIInterfaceOrientationLandscapeLeft UIInterfaceOrientationLandscapeRight";
				INFOPLIST_KEY_UISupportedInterfaceOrientations_iPhone = "UIInterfaceOrientationPortrait UIInterfaceOrientationLandscapeLeft UIInterfaceOrientationLandscapeRight";
				IPHONEOS_DEPLOYMENT_TARGET = 11.2;
				LD_RUNPATH_SEARCH_PATHS = (
					"$(inherited)",
					"@executable_path/Frameworks",
				);
				MARKETING_VERSION = 1.0;
				PRODUCT_BUNDLE_IDENTIFIER = "com.chotchachi.Miramax-Fillms";
				PRODUCT_NAME = "$(TARGET_NAME)";
				SWIFT_EMIT_LOC_STRINGS = YES;
				SWIFT_VERSION = 5.0;
				TARGETED_DEVICE_FAMILY = "1,2";
			};
			name = Release;
		};
/* End XCBuildConfiguration section */

/* Begin XCConfigurationList section */
		ED86E61928C6369800D60351 /* Build configuration list for PBXProject "Miramax Fillms" */ = {
			isa = XCConfigurationList;
			buildConfigurations = (
				ED86E63028C6369B00D60351 /* Debug */,
				ED86E63128C6369B00D60351 /* Release */,
			);
			defaultConfigurationIsVisible = 0;
			defaultConfigurationName = Release;
		};
		ED86E63228C6369B00D60351 /* Build configuration list for PBXNativeTarget "Miramax Fillms" */ = {
			isa = XCConfigurationList;
			buildConfigurations = (
				ED86E63328C6369B00D60351 /* Debug */,
				ED86E63428C6369B00D60351 /* Release */,
			);
			defaultConfigurationIsVisible = 0;
			defaultConfigurationName = Release;
		};
/* End XCConfigurationList section */
	};
	rootObject = ED86E61628C6369800D60351 /* Project object */;
}
